<?xml version="1.0" encoding="utf-8"?>
<Project ToolsVersion="4.0" xmlns="http://schemas.microsoft.com/developer/msbuild/2003">
  <ItemGroup>
    <Filter Include="Array">
      <UniqueIdentifier>{42b4cbb6-09f9-41f2-a4c1-4b6c3f5d413e}</UniqueIdentifier>
    </Filter>
  </ItemGroup>
  <ItemGroup>
    <ClInclude Include="..\Sources\Array\Array.h">
      <Filter>Array</Filter>
    </ClInclude>
    <ClInclude Include="..\Sources\Array\Array1.h">
      <Filter>Array</Filter>
    </ClInclude>
    <ClInclude Include="..\Sources\Array\Array2.h">
      <Filter>Array</Filter>
    </ClInclude>
    <ClInclude Include="..\Sources\Array\Array3.h">
      <Filter>Array</Filter>
    </ClInclude>
    <ClInclude Include="..\Sources\Array\ArrayAccessor.h">
      <Filter>Array</Filter>
    </ClInclude>
  </ItemGroup>
  <ItemGroup>
    <ClCompile Include="..\Sources\Array\Array1.cpp">
      <Filter>Array</Filter>
    </ClCompile>
    <ClCompile Include="..\Sources\Array\Array2.cpp">
      <Filter>Array</Filter>
    </ClCompile>
    <ClCompile Include="..\Sources\Array\Array3.cpp">
      <Filter>Array</Filter>
    </ClCompile>
  </ItemGroup>
</Project>