<?xml version="1.0" encoding="utf-8"?>
<Project ToolsVersion="4.0" xmlns="http://schemas.microsoft.com/developer/msbuild/2003">
  <ItemGroup>
    <Filter Include="Array">
      <UniqueIdentifier>{42b4cbb6-09f9-41f2-a4c1-4b6c3f5d413e}</UniqueIdentifier>
    </Filter>
    <Filter Include="Utils">
      <UniqueIdentifier>{ee0d78ce-8c31-45de-997a-0974a148889e}</UniqueIdentifier>
    </Filter>
    <Filter Include="Size">
      <UniqueIdentifier>{7086aa98-35e6-4dcd-a24c-0082f7ce1648}</UniqueIdentifier>
    </Filter>
    <Filter Include="Point">
      <UniqueIdentifier>{99e5baf1-50a1-4cd4-9cdc-825cb8c33b80}</UniqueIdentifier>
    </Filter>
    <Filter Include="Vector">
      <UniqueIdentifier>{2a9323e0-24d8-40e1-8075-5276f4af16aa}</UniqueIdentifier>
    </Filter>
    <Filter Include="Matrix">
      <UniqueIdentifier>{6a2e4735-c1fb-4d91-adca-a5b79b0b7313}</UniqueIdentifier>
    </Filter>
    <Filter Include="Field">
      <UniqueIdentifier>{b8c6f199-2af6-4dad-bd3c-14c813cebdc7}</UniqueIdentifier>
    </Filter>
    <Filter Include="Geomtery">
      <UniqueIdentifier>{35979af0-a3e2-4397-9d98-bbb8d1824924}</UniqueIdentifier>
    </Filter>
    <Filter Include="Math">
      <UniqueIdentifier>{8470db9a-4058-4955-a16b-1d4a607f68bf}</UniqueIdentifier>
    </Filter>
    <Filter Include="Ray">
      <UniqueIdentifier>{88c42ed7-3ce4-495c-9f44-df24261a3799}</UniqueIdentifier>
    </Filter>
    <Filter Include="BoundingBox">
      <UniqueIdentifier>{00e2a1d5-edab-4842-9dc2-e3dc57eb338a}</UniqueIdentifier>
    </Filter>
    <Filter Include="Transform">
      <UniqueIdentifier>{54364948-8816-420d-9b91-1058870b6dac}</UniqueIdentifier>
    </Filter>
  </ItemGroup>
  <ItemGroup>
    <ClInclude Include="..\Sources\Array\Array.h">
      <Filter>Array</Filter>
    </ClInclude>
    <ClInclude Include="..\Sources\Array\Array1.h">
      <Filter>Array</Filter>
    </ClInclude>
    <ClInclude Include="..\Sources\Array\Array2.h">
      <Filter>Array</Filter>
    </ClInclude>
    <ClInclude Include="..\Sources\Array\Array3.h">
      <Filter>Array</Filter>
    </ClInclude>
    <ClInclude Include="..\Sources\Array\ArrayAccessor.h">
      <Filter>Array</Filter>
    </ClInclude>
    <ClInclude Include="..\Sources\Array\ArrayAccessor1.h">
      <Filter>Array</Filter>
    </ClInclude>
    <ClInclude Include="..\Sources\Array\ArrayAccessor2.h">
      <Filter>Array</Filter>
    </ClInclude>
    <ClInclude Include="..\Sources\Array\ArrayAccessor3.h">
      <Filter>Array</Filter>
    </ClInclude>
    <ClInclude Include="..\Sources\Utils\Constants.h">
      <Filter>Utils</Filter>
    </ClInclude>
    <ClInclude Include="..\Sources\Utils\Macros.h">
      <Filter>Utils</Filter>
    </ClInclude>
    <ClInclude Include="..\Sources\Point\Point.h">
      <Filter>Point</Filter>
    </ClInclude>
    <ClInclude Include="..\Sources\Point\Point2.h">
      <Filter>Point</Filter>
    </ClInclude>
    <ClInclude Include="..\Sources\Point\Point3.h">
      <Filter>Point</Filter>
    </ClInclude>
    <ClInclude Include="..\Sources\Size\Size.h">
      <Filter>Size</Filter>
    </ClInclude>
    <ClInclude Include="..\Sources\Size\Size2.h">
      <Filter>Size</Filter>
    </ClInclude>
    <ClInclude Include="..\Sources\Size\Size3.h">
      <Filter>Size</Filter>
    </ClInclude>
    <ClInclude Include="..\Sources\Utils\Parallel.h">
      <Filter>Utils</Filter>
    </ClInclude>
    <ClInclude Include="..\Sources\Vector\Vector.h">
      <Filter>Vector</Filter>
    </ClInclude>
    <ClInclude Include="..\Sources\Vector\Vector2.h">
      <Filter>Vector</Filter>
    </ClInclude>
    <ClInclude Include="..\Sources\Vector\Vector3.h">
      <Filter>Vector</Filter>
    </ClInclude>
    <ClInclude Include="..\Sources\Vector\Vector4.h">
      <Filter>Vector</Filter>
    </ClInclude>
    <ClInclude Include="..\Sources\Utils\MathUtils.h">
      <Filter>Utils</Filter>
    </ClInclude>
    <ClInclude Include="..\Sources\Utils\TypeHelpers.h">
      <Filter>Utils</Filter>
    </ClInclude>
    <ClInclude Include="..\Sources\Matrix\Matrix.h">
      <Filter>Matrix</Filter>
    </ClInclude>
    <ClInclude Include="..\Sources\Matrix\Matrix2x2.h">
      <Filter>Matrix</Filter>
    </ClInclude>
    <ClInclude Include="..\Sources\Matrix\Matrix3x3.h">
      <Filter>Matrix</Filter>
    </ClInclude>
    <ClInclude Include="..\Sources\Matrix\Matrix4x4.h">
      <Filter>Matrix</Filter>
    </ClInclude>
    <ClInclude Include="..\Sources\Field\Field2.h">
      <Filter>Field</Filter>
    </ClInclude>
    <ClInclude Include="..\Sources\Field\Field3.h">
      <Filter>Field</Filter>
    </ClInclude>
    <ClInclude Include="..\Sources\Field\VectorField2.h">
      <Filter>Field</Filter>
    </ClInclude>
    <ClInclude Include="..\Sources\Field\VectorField3.h">
      <Filter>Field</Filter>
    </ClInclude>
    <ClInclude Include="..\Sources\Field\ScalarField2.h">
      <Filter>Field</Filter>
    </ClInclude>
    <ClInclude Include="..\Sources\Field\ScalarField3.h">
      <Filter>Field</Filter>
    </ClInclude>
    <ClInclude Include="..\Sources\Field\CustomVectorField2.h">
      <Filter>Field</Filter>
    </ClInclude>
    <ClInclude Include="..\Sources\Field\CustomVectorField3.h">
      <Filter>Field</Filter>
    </ClInclude>
    <ClInclude Include="..\Sources\Field\CustomScalarField2.h">
      <Filter>Field</Filter>
    </ClInclude>
    <ClInclude Include="..\Sources\Field\CustomScalarField3.h">
      <Filter>Field</Filter>
    </ClInclude>
    <ClInclude Include="..\Sources\Geometry\Surface2.h">
      <Filter>Geomtery</Filter>
    </ClInclude>
    <ClInclude Include="..\Sources\Geometry\Surface3.h">
      <Filter>Geomtery</Filter>
    </ClInclude>
    <ClInclude Include="..\Sources\Math\Quaternion.h">
      <Filter>Math</Filter>
    </ClInclude>
    <ClInclude Include="..\Sources\Ray\Ray.h">
      <Filter>Ray</Filter>
    </ClInclude>
    <ClInclude Include="..\Sources\Ray\Ray2.h">
      <Filter>Ray</Filter>
    </ClInclude>
    <ClInclude Include="..\Sources\Ray\Ray3.h">
      <Filter>Ray</Filter>
    </ClInclude>
    <ClInclude Include="..\Sources\BoundingBox\BoundingBox.h">
      <Filter>BoundingBox</Filter>
    </ClInclude>
    <ClInclude Include="..\Sources\Transform\Transform3.h">
      <Filter>Transform</Filter>
    </ClInclude>
    <ClInclude Include="..\Sources\Transform\Transform2.h">
      <Filter>Transform</Filter>
    </ClInclude>
    <ClInclude Include="..\Sources\BoundingBox\BoundingBox2.h">
      <Filter>BoundingBox</Filter>
    </ClInclude>
    <ClInclude Include="..\Sources\BoundingBox\BoundingBox3.h">
      <Filter>BoundingBox</Filter>
    </ClInclude>
    <ClInclude Include="..\Sources\Field\ConstantScalarField2.h">
      <Filter>Field</Filter>
    </ClInclude>
    <ClInclude Include="..\Sources\Field\ConstantScalarField3.h">
      <Filter>Field</Filter>
    </ClInclude>
    <ClInclude Include="..\Sources\Field\ConstantVectorField2.h">
      <Filter>Field</Filter>
    </ClInclude>
    <ClInclude Include="..\Sources\Field\ConstantVectorField3.h">
      <Filter>Field</Filter>
    </ClInclude>
    <ClInclude Include="..\Sources\Geometry\SurfaceSet2.h">
      <Filter>Geomtery</Filter>
    </ClInclude>
    <ClInclude Include="..\Sources\Geometry\SurfaceSet3.h">
      <Filter>Geomtery</Filter>
    </ClInclude>
    <ClInclude Include="..\Sources\Geometry\Sphere2.h">
      <Filter>Geomtery</Filter>
    </ClInclude>
    <ClInclude Include="..\Sources\Geometry\Sphere3.h">
      <Filter>Geomtery</Filter>
    </ClInclude>
    <ClInclude Include="..\Sources\Geometry\Triangle3.h">
      <Filter>Geomtery</Filter>
    </ClInclude>
    <ClInclude Include="..\Sources\Geometry\TriangleMesh3.h">
      <Filter>Geomtery</Filter>
    </ClInclude>
  </ItemGroup>
  <ItemGroup>
    <ClCompile Include="..\Sources\Array\Array1.cpp">
      <Filter>Array</Filter>
    </ClCompile>
    <ClCompile Include="..\Sources\Array\Array2.cpp">
      <Filter>Array</Filter>
    </ClCompile>
    <ClCompile Include="..\Sources\Array\Array3.cpp">
      <Filter>Array</Filter>
    </ClCompile>
    <ClCompile Include="..\Sources\Array\ArrayAccessor1.cpp">
      <Filter>Array</Filter>
    </ClCompile>
    <ClCompile Include="..\Sources\Array\ArrayAccessor2.cpp">
      <Filter>Array</Filter>
    </ClCompile>
    <ClCompile Include="..\Sources\Array\ArrayAccessor3.cpp">
      <Filter>Array</Filter>
    </ClCompile>
    <ClCompile Include="..\Sources\Point\Point.cpp">
      <Filter>Point</Filter>
    </ClCompile>
    <ClCompile Include="..\Sources\Point\Point2.cpp">
      <Filter>Point</Filter>
    </ClCompile>
    <ClCompile Include="..\Sources\Point\Point3.cpp">
      <Filter>Point</Filter>
    </ClCompile>
    <ClCompile Include="..\Sources\Utils\Parallel.cpp">
      <Filter>Utils</Filter>
    </ClCompile>
    <ClCompile Include="..\Sources\Vector\Vector.cpp">
      <Filter>Vector</Filter>
    </ClCompile>
    <ClCompile Include="..\Sources\Vector\Vector2.cpp">
      <Filter>Vector</Filter>
    </ClCompile>
    <ClCompile Include="..\Sources\Vector\Vector3.cpp">
      <Filter>Vector</Filter>
    </ClCompile>
    <ClCompile Include="..\Sources\Utils\MathUtils.cpp">
      <Filter>Utils</Filter>
    </ClCompile>
    <ClCompile Include="..\Sources\Matrix\Matrix2x2.cpp">
      <Filter>Matrix</Filter>
    </ClCompile>
    <ClCompile Include="..\Sources\Matrix\Matrix3x3.cpp">
      <Filter>Matrix</Filter>
    </ClCompile>
    <ClCompile Include="..\Sources\Matrix\Matrix.cpp">
      <Filter>Matrix</Filter>
    </ClCompile>
    <ClCompile Include="..\Sources\Matrix\Matrix4x4.cpp">
      <Filter>Matrix</Filter>
    </ClCompile>
    <ClCompile Include="..\Sources\Vector\Vector4.cpp">
      <Filter>Vector</Filter>
    </ClCompile>
    <ClCompile Include="..\Sources\Field\CustomScalarField2.cpp">
      <Filter>Field</Filter>
    </ClCompile>
    <ClCompile Include="..\Sources\Field\Field2.cpp">
      <Filter>Field</Filter>
    </ClCompile>
    <ClCompile Include="..\Sources\Field\Field3.cpp">
      <Filter>Field</Filter>
    </ClCompile>
    <ClCompile Include="..\Sources\Field\ScalarField2.cpp">
      <Filter>Field</Filter>
    </ClCompile>
    <ClCompile Include="..\Sources\Field\ScalarField3.cpp">
      <Filter>Field</Filter>
    </ClCompile>
    <ClCompile Include="..\Sources\Field\VectorField2.cpp">
      <Filter>Field</Filter>
    </ClCompile>
    <ClCompile Include="..\Sources\Field\VectorField3.cpp">
      <Filter>Field</Filter>
    </ClCompile>
    <ClCompile Include="..\Sources\Field\CustomScalarField3.cpp">
      <Filter>Field</Filter>
    </ClCompile>
    <ClCompile Include="..\Sources\Field\CustomVectorField2.cpp">
      <Filter>Field</Filter>
    </ClCompile>
    <ClCompile Include="..\Sources\Field\CustomVectorField3.cpp">
      <Filter>Field</Filter>
    </ClCompile>
    <ClCompile Include="..\Sources\Geometry\Surface2.cpp">
      <Filter>Geomtery</Filter>
    </ClCompile>
    <ClCompile Include="..\Sources\Math\Quaternion.cpp">
      <Filter>Math</Filter>
    </ClCompile>
    <ClCompile Include="..\Sources\Ray\Ray2.cpp">
      <Filter>Ray</Filter>
    </ClCompile>
    <ClCompile Include="..\Sources\Ray\Ray3.cpp">
      <Filter>Ray</Filter>
    </ClCompile>
    <ClCompile Include="..\Sources\Field\ConstantScalarField2.cpp">
      <Filter>Field</Filter>
    </ClCompile>
    <ClCompile Include="..\Sources\Field\ConstantScalarField3.cpp">
      <Filter>Field</Filter>
    </ClCompile>
    <ClCompile Include="..\Sources\Field\ConstantVectorField2.cpp">
      <Filter>Field</Filter>
    </ClCompile>
    <ClCompile Include="..\Sources\Field\ConstantVectorField3.cpp">
      <Filter>Field</Filter>
    </ClCompile>
  </ItemGroup>
</Project>