<?xml version="1.0" encoding="utf-8"?>
<Project ToolsVersion="4.0" xmlns="http://schemas.microsoft.com/developer/msbuild/2003">
  <ItemGroup>
    <Filter Include="Array">
      <UniqueIdentifier>{42b4cbb6-09f9-41f2-a4c1-4b6c3f5d413e}</UniqueIdentifier>
    </Filter>
    <Filter Include="Utils">
      <UniqueIdentifier>{ee0d78ce-8c31-45de-997a-0974a148889e}</UniqueIdentifier>
    </Filter>
    <Filter Include="Size">
      <UniqueIdentifier>{7086aa98-35e6-4dcd-a24c-0082f7ce1648}</UniqueIdentifier>
    </Filter>
    <Filter Include="Point">
      <UniqueIdentifier>{99e5baf1-50a1-4cd4-9cdc-825cb8c33b80}</UniqueIdentifier>
    </Filter>
    <Filter Include="Vector">
      <UniqueIdentifier>{2a9323e0-24d8-40e1-8075-5276f4af16aa}</UniqueIdentifier>
    </Filter>
    <Filter Include="Matrix">
      <UniqueIdentifier>{6a2e4735-c1fb-4d91-adca-a5b79b0b7313}</UniqueIdentifier>
    </Filter>
  </ItemGroup>
  <ItemGroup>
    <ClInclude Include="..\Sources\Array\Array.h">
      <Filter>Array</Filter>
    </ClInclude>
    <ClInclude Include="..\Sources\Array\Array1.h">
      <Filter>Array</Filter>
    </ClInclude>
    <ClInclude Include="..\Sources\Array\Array2.h">
      <Filter>Array</Filter>
    </ClInclude>
    <ClInclude Include="..\Sources\Array\Array3.h">
      <Filter>Array</Filter>
    </ClInclude>
    <ClInclude Include="..\Sources\Array\ArrayAccessor.h">
      <Filter>Array</Filter>
    </ClInclude>
    <ClInclude Include="..\Sources\Array\ArrayAccessor1.h">
      <Filter>Array</Filter>
    </ClInclude>
    <ClInclude Include="..\Sources\Array\ArrayAccessor2.h">
      <Filter>Array</Filter>
    </ClInclude>
    <ClInclude Include="..\Sources\Array\ArrayAccessor3.h">
      <Filter>Array</Filter>
    </ClInclude>
    <ClInclude Include="..\Sources\Utils\Constants.h">
      <Filter>Utils</Filter>
    </ClInclude>
    <ClInclude Include="..\Sources\Utils\Macros.h">
      <Filter>Utils</Filter>
    </ClInclude>
    <ClInclude Include="..\Sources\Point\Point.h">
      <Filter>Point</Filter>
    </ClInclude>
    <ClInclude Include="..\Sources\Point\Point2.h">
      <Filter>Point</Filter>
    </ClInclude>
    <ClInclude Include="..\Sources\Point\Point3.h">
      <Filter>Point</Filter>
    </ClInclude>
    <ClInclude Include="..\Sources\Size\Size.h">
      <Filter>Size</Filter>
    </ClInclude>
    <ClInclude Include="..\Sources\Size\Size2.h">
      <Filter>Size</Filter>
    </ClInclude>
    <ClInclude Include="..\Sources\Size\Size3.h">
      <Filter>Size</Filter>
    </ClInclude>
    <ClInclude Include="..\Sources\Utils\Parallel.h">
      <Filter>Utils</Filter>
    </ClInclude>
    <ClInclude Include="..\Sources\Vector\Vector.h">
      <Filter>Vector</Filter>
    </ClInclude>
    <ClInclude Include="..\Sources\Vector\Vector2.h">
      <Filter>Vector</Filter>
    </ClInclude>
    <ClInclude Include="..\Sources\Vector\Vector3.h">
      <Filter>Vector</Filter>
    </ClInclude>
    <ClInclude Include="..\Sources\Vector\Vector4.h">
      <Filter>Vector</Filter>
    </ClInclude>
    <ClInclude Include="..\Sources\Utils\MathUtils.h">
      <Filter>Utils</Filter>
    </ClInclude>
    <ClInclude Include="..\Sources\Utils\TypeHelpers.h">
      <Filter>Utils</Filter>
    </ClInclude>
    <ClInclude Include="..\Sources\Matrix\Matrix.h">
      <Filter>Matrix</Filter>
    </ClInclude>
    <ClInclude Include="..\Sources\Matrix\Matrix2x2.h">
      <Filter>Matrix</Filter>
    </ClInclude>
  </ItemGroup>
  <ItemGroup>
    <ClCompile Include="..\Sources\Array\Array1.cpp">
      <Filter>Array</Filter>
    </ClCompile>
    <ClCompile Include="..\Sources\Array\Array2.cpp">
      <Filter>Array</Filter>
    </ClCompile>
    <ClCompile Include="..\Sources\Array\Array3.cpp">
      <Filter>Array</Filter>
    </ClCompile>
    <ClCompile Include="..\Sources\Array\ArrayAccessor1.cpp">
      <Filter>Array</Filter>
    </ClCompile>
    <ClCompile Include="..\Sources\Array\ArrayAccessor2.cpp">
      <Filter>Array</Filter>
    </ClCompile>
    <ClCompile Include="..\Sources\Array\ArrayAccessor3.cpp">
      <Filter>Array</Filter>
    </ClCompile>
    <ClCompile Include="..\Sources\Point\Point.cpp">
      <Filter>Point</Filter>
    </ClCompile>
    <ClCompile Include="..\Sources\Point\Point2.cpp">
      <Filter>Point</Filter>
    </ClCompile>
    <ClCompile Include="..\Sources\Point\Point3.cpp">
      <Filter>Point</Filter>
    </ClCompile>
    <ClCompile Include="..\Sources\Utils\Parallel.cpp">
      <Filter>Utils</Filter>
    </ClCompile>
    <ClCompile Include="..\Sources\Vector\Vector.cpp">
      <Filter>Vector</Filter>
    </ClCompile>
    <ClCompile Include="..\Sources\Vector\Vector2.cpp">
      <Filter>Vector</Filter>
    </ClCompile>
    <ClCompile Include="..\Sources\Vector\Vector3.cpp">
      <Filter>Vector</Filter>
    </ClCompile>
    <ClCompile Include="Vector4.cpp">
      <Filter>Vector</Filter>
    </ClCompile>
    <ClCompile Include="..\Sources\Utils\MathUtils.cpp">
      <Filter>Utils</Filter>
    </ClCompile>
  </ItemGroup>
</Project>