
Microsoft Visual Studio Solution File, Format Version 12.00
# Visual Studio 15
VisualStudioVersion = 15.0.26730.10
MinimumVisualStudioVersion = 10.0.40219.1
Project("{2150E333-8FDC-42A3-9474-1A3956D46DE8}") = "Examples", "Examples", "{79C970BF-72C5-403D-AC4D-854913DF4AF5}"
EndProject
Project("{2150E333-8FDC-42A3-9474-1A3956D46DE8}") = "Libraries", "Libraries", "{90533EBA-91EB-4211-8BE6-D635881E33FD}"
EndProject
Project("{2150E333-8FDC-42A3-9474-1A3956D46DE8}") = "Tests", "Tests", "{925BDD03-F851-4B18-A797-D9DF6FFE6610}"
EndProject
Project("{8BC9CEB8-8B4A-11D0-8D11-00A0C91BC942}") = "cnpy", "Libraries\cnpy\cnpy.vcxproj", "{2FB522FB-8504-4522-89CB-8D7F8969E4F4}"
EndProject
Project("{8BC9CEB8-8B4A-11D0-8D11-00A0C91BC942}") = "gtest", "Libraries\gtest\gtest.vcxproj", "{A113B1A8-29B4-4C05-A2EE-C4825F65C729}"
EndProject
Project("{8BC9CEB8-8B4A-11D0-8D11-00A0C91BC942}") = "obj", "Libraries\obj\obj.vcxproj", "{2DB3FEE3-C5A0-4AEC-ACDF-A8EA0D27E6B8}"
EndProject
Project("{8BC9CEB8-8B4A-11D0-8D11-00A0C91BC942}") = "pystring", "Libraries\pystring\pystring.vcxproj", "{A581EA54-58DB-4AF7-972A-202927F26BD0}"
EndProject
Project("{8BC9CEB8-8B4A-11D0-8D11-00A0C91BC942}") = "PerformanceTests", "Tests\PerformanceTests\PerformanceTests.vcxproj", "{01EE6200-8E03-4EFE-BDBA-75496195EA66}"
EndProject
Project("{8BC9CEB8-8B4A-11D0-8D11-00A0C91BC942}") = "CubbyFlow", "Sources\CubbyFlow.vcxproj", "{67F165E0-323E-4FB0-BA14-285063218ED8}"
	ProjectSection(ProjectDependencies) = postProject
		{2DB3FEE3-C5A0-4AEC-ACDF-A8EA0D27E6B8} = {2DB3FEE3-C5A0-4AEC-ACDF-A8EA0D27E6B8}
	EndProjectSection
EndProject
Project("{8BC9CEB8-8B4A-11D0-8D11-00A0C91BC942}") = "UnitTests", "Tests\UnitTests\UnitTests.vcxproj", "{AFADDDFC-4C6E-49EC-A6B0-B8612CDE6AD4}"
EndProject
Project("{8BC9CEB8-8B4A-11D0-8D11-00A0C91BC942}") = "HelloFluidSim", "Examples\HelloFluidSim\HelloFluidSim.vcxproj", "{81FE7037-3E24-410B-99BA-00755D2E2449}"
EndProject
Project("{8BC9CEB8-8B4A-11D0-8D11-00A0C91BC942}") = "winix", "Libraries\winix\Winix.vcxproj", "{18ECE3D3-8250-4073-9F0B-2CAA62F80E2A}"
EndProject
Project("{8BC9CEB8-8B4A-11D0-8D11-00A0C91BC942}") = "SPHSim", "Examples\SPHSim\SPHSim.vcxproj", "{72DA0BC1-81A5-4313-842A-4CB91B8FB3F7}"
	ProjectSection(ProjectDependencies) = postProject
		{A581EA54-58DB-4AF7-972A-202927F26BD0} = {A581EA54-58DB-4AF7-972A-202927F26BD0}
		{18ECE3D3-8250-4073-9F0B-2CAA62F80E2A} = {18ECE3D3-8250-4073-9F0B-2CAA62F80E2A}
		{67F165E0-323E-4FB0-BA14-285063218ED8} = {67F165E0-323E-4FB0-BA14-285063218ED8}
	EndProjectSection
EndProject
Project("{8BC9CEB8-8B4A-11D0-8D11-00A0C91BC942}") = "Particles2Obj", "Examples\Particles2Obj\Particles2Obj.vcxproj", "{0A3D8C7F-5999-47B2-A696-D0D422AB92B9}"
	ProjectSection(ProjectDependencies) = postProject
		{A581EA54-58DB-4AF7-972A-202927F26BD0} = {A581EA54-58DB-4AF7-972A-202927F26BD0}
		{18ECE3D3-8250-4073-9F0B-2CAA62F80E2A} = {18ECE3D3-8250-4073-9F0B-2CAA62F80E2A}
		{67F165E0-323E-4FB0-BA14-285063218ED8} = {67F165E0-323E-4FB0-BA14-285063218ED8}
		{2DB3FEE3-C5A0-4AEC-ACDF-A8EA0D27E6B8} = {2DB3FEE3-C5A0-4AEC-ACDF-A8EA0D27E6B8}
	EndProjectSection
EndProject
Project("{8BC9CEB8-8B4A-11D0-8D11-00A0C91BC942}") = "ManualTests", "Tests\ManualTests\ManualTests.vcxproj", "{3215E509-376C-48DF-B86F-835B97C07AE2}"
	ProjectSection(ProjectDependencies) = postProject
		{A581EA54-58DB-4AF7-972A-202927F26BD0} = {A581EA54-58DB-4AF7-972A-202927F26BD0}
		{A113B1A8-29B4-4C05-A2EE-C4825F65C729} = {A113B1A8-29B4-4C05-A2EE-C4825F65C729}
		{67F165E0-323E-4FB0-BA14-285063218ED8} = {67F165E0-323E-4FB0-BA14-285063218ED8}
		{2DB3FEE3-C5A0-4AEC-ACDF-A8EA0D27E6B8} = {2DB3FEE3-C5A0-4AEC-ACDF-A8EA0D27E6B8}
		{2FB522FB-8504-4522-89CB-8D7F8969E4F4} = {2FB522FB-8504-4522-89CB-8D7F8969E4F4}
	EndProjectSection
EndProject
Project("{8BC9CEB8-8B4A-11D0-8D11-00A0C91BC942}") = "SmokeSim", "Examples\SmokeSim\SmokeSim.vcxproj", "{18209D74-BE00-4881-ACFC-37935316B8D7}"
	ProjectSection(ProjectDependencies) = postProject
		{A581EA54-58DB-4AF7-972A-202927F26BD0} = {A581EA54-58DB-4AF7-972A-202927F26BD0}
		{18ECE3D3-8250-4073-9F0B-2CAA62F80E2A} = {18ECE3D3-8250-4073-9F0B-2CAA62F80E2A}
		{67F165E0-323E-4FB0-BA14-285063218ED8} = {67F165E0-323E-4FB0-BA14-285063218ED8}
	EndProjectSection
EndProject
Project("{8BC9CEB8-8B4A-11D0-8D11-00A0C91BC942}") = "LevelSetLiquidSim", "Examples\LevelSetLiquidSim\LevelSetLiquidSim.vcxproj", "{D058FEBA-1848-45C5-867C-7E8E5C1F9988}"
	ProjectSection(ProjectDependencies) = postProject
		{A581EA54-58DB-4AF7-972A-202927F26BD0} = {A581EA54-58DB-4AF7-972A-202927F26BD0}
		{18ECE3D3-8250-4073-9F0B-2CAA62F80E2A} = {18ECE3D3-8250-4073-9F0B-2CAA62F80E2A}
		{67F165E0-323E-4FB0-BA14-285063218ED8} = {67F165E0-323E-4FB0-BA14-285063218ED8}
		{2DB3FEE3-C5A0-4AEC-ACDF-A8EA0D27E6B8} = {2DB3FEE3-C5A0-4AEC-ACDF-A8EA0D27E6B8}
	EndProjectSection
EndProject
Global
	GlobalSection(SolutionConfigurationPlatforms) = preSolution
		Debug|x64 = Debug|x64
		Debug|x86 = Debug|x86
		Release|x64 = Release|x64
		Release|x86 = Release|x86
	EndGlobalSection
	GlobalSection(ProjectConfigurationPlatforms) = postSolution
		{2FB522FB-8504-4522-89CB-8D7F8969E4F4}.Debug|x64.ActiveCfg = Debug|x64
		{2FB522FB-8504-4522-89CB-8D7F8969E4F4}.Debug|x64.Build.0 = Debug|x64
		{2FB522FB-8504-4522-89CB-8D7F8969E4F4}.Debug|x86.ActiveCfg = Debug|Win32
		{2FB522FB-8504-4522-89CB-8D7F8969E4F4}.Debug|x86.Build.0 = Debug|Win32
		{2FB522FB-8504-4522-89CB-8D7F8969E4F4}.Release|x64.ActiveCfg = Release|x64
		{2FB522FB-8504-4522-89CB-8D7F8969E4F4}.Release|x64.Build.0 = Release|x64
		{2FB522FB-8504-4522-89CB-8D7F8969E4F4}.Release|x86.ActiveCfg = Release|Win32
		{2FB522FB-8504-4522-89CB-8D7F8969E4F4}.Release|x86.Build.0 = Release|Win32
		{A113B1A8-29B4-4C05-A2EE-C4825F65C729}.Debug|x64.ActiveCfg = Debug|x64
		{A113B1A8-29B4-4C05-A2EE-C4825F65C729}.Debug|x64.Build.0 = Debug|x64
		{A113B1A8-29B4-4C05-A2EE-C4825F65C729}.Debug|x86.ActiveCfg = Debug|Win32
		{A113B1A8-29B4-4C05-A2EE-C4825F65C729}.Debug|x86.Build.0 = Debug|Win32
		{A113B1A8-29B4-4C05-A2EE-C4825F65C729}.Release|x64.ActiveCfg = Release|x64
		{A113B1A8-29B4-4C05-A2EE-C4825F65C729}.Release|x64.Build.0 = Release|x64
		{A113B1A8-29B4-4C05-A2EE-C4825F65C729}.Release|x86.ActiveCfg = Release|Win32
		{A113B1A8-29B4-4C05-A2EE-C4825F65C729}.Release|x86.Build.0 = Release|Win32
		{2DB3FEE3-C5A0-4AEC-ACDF-A8EA0D27E6B8}.Debug|x64.ActiveCfg = Debug|x64
		{2DB3FEE3-C5A0-4AEC-ACDF-A8EA0D27E6B8}.Debug|x64.Build.0 = Debug|x64
		{2DB3FEE3-C5A0-4AEC-ACDF-A8EA0D27E6B8}.Debug|x86.ActiveCfg = Debug|Win32
		{2DB3FEE3-C5A0-4AEC-ACDF-A8EA0D27E6B8}.Debug|x86.Build.0 = Debug|Win32
		{2DB3FEE3-C5A0-4AEC-ACDF-A8EA0D27E6B8}.Release|x64.ActiveCfg = Release|x64
		{2DB3FEE3-C5A0-4AEC-ACDF-A8EA0D27E6B8}.Release|x64.Build.0 = Release|x64
		{2DB3FEE3-C5A0-4AEC-ACDF-A8EA0D27E6B8}.Release|x86.ActiveCfg = Release|Win32
		{2DB3FEE3-C5A0-4AEC-ACDF-A8EA0D27E6B8}.Release|x86.Build.0 = Release|Win32
		{A581EA54-58DB-4AF7-972A-202927F26BD0}.Debug|x64.ActiveCfg = Debug|x64
		{A581EA54-58DB-4AF7-972A-202927F26BD0}.Debug|x64.Build.0 = Debug|x64
		{A581EA54-58DB-4AF7-972A-202927F26BD0}.Debug|x86.ActiveCfg = Debug|Win32
		{A581EA54-58DB-4AF7-972A-202927F26BD0}.Debug|x86.Build.0 = Debug|Win32
		{A581EA54-58DB-4AF7-972A-202927F26BD0}.Release|x64.ActiveCfg = Release|x64
		{A581EA54-58DB-4AF7-972A-202927F26BD0}.Release|x64.Build.0 = Release|x64
		{A581EA54-58DB-4AF7-972A-202927F26BD0}.Release|x86.ActiveCfg = Release|Win32
		{A581EA54-58DB-4AF7-972A-202927F26BD0}.Release|x86.Build.0 = Release|Win32
		{01EE6200-8E03-4EFE-BDBA-75496195EA66}.Debug|x64.ActiveCfg = Debug|x64
		{01EE6200-8E03-4EFE-BDBA-75496195EA66}.Debug|x64.Build.0 = Debug|x64
		{01EE6200-8E03-4EFE-BDBA-75496195EA66}.Debug|x86.ActiveCfg = Debug|Win32
		{01EE6200-8E03-4EFE-BDBA-75496195EA66}.Debug|x86.Build.0 = Debug|Win32
		{01EE6200-8E03-4EFE-BDBA-75496195EA66}.Release|x64.ActiveCfg = Release|x64
		{01EE6200-8E03-4EFE-BDBA-75496195EA66}.Release|x64.Build.0 = Release|x64
		{01EE6200-8E03-4EFE-BDBA-75496195EA66}.Release|x86.ActiveCfg = Release|Win32
		{01EE6200-8E03-4EFE-BDBA-75496195EA66}.Release|x86.Build.0 = Release|Win32
		{67F165E0-323E-4FB0-BA14-285063218ED8}.Debug|x64.ActiveCfg = Debug|x64
		{67F165E0-323E-4FB0-BA14-285063218ED8}.Debug|x64.Build.0 = Debug|x64
		{67F165E0-323E-4FB0-BA14-285063218ED8}.Debug|x86.ActiveCfg = Debug|Win32
		{67F165E0-323E-4FB0-BA14-285063218ED8}.Debug|x86.Build.0 = Debug|Win32
		{67F165E0-323E-4FB0-BA14-285063218ED8}.Release|x64.ActiveCfg = Release|x64
		{67F165E0-323E-4FB0-BA14-285063218ED8}.Release|x64.Build.0 = Release|x64
		{67F165E0-323E-4FB0-BA14-285063218ED8}.Release|x86.ActiveCfg = Release|Win32
		{67F165E0-323E-4FB0-BA14-285063218ED8}.Release|x86.Build.0 = Release|Win32
		{AFADDDFC-4C6E-49EC-A6B0-B8612CDE6AD4}.Debug|x64.ActiveCfg = Debug|x64
		{AFADDDFC-4C6E-49EC-A6B0-B8612CDE6AD4}.Debug|x64.Build.0 = Debug|x64
		{AFADDDFC-4C6E-49EC-A6B0-B8612CDE6AD4}.Debug|x86.ActiveCfg = Debug|Win32
		{AFADDDFC-4C6E-49EC-A6B0-B8612CDE6AD4}.Debug|x86.Build.0 = Debug|Win32
		{AFADDDFC-4C6E-49EC-A6B0-B8612CDE6AD4}.Release|x64.ActiveCfg = Release|x64
		{AFADDDFC-4C6E-49EC-A6B0-B8612CDE6AD4}.Release|x64.Build.0 = Release|x64
		{AFADDDFC-4C6E-49EC-A6B0-B8612CDE6AD4}.Release|x86.ActiveCfg = Release|Win32
		{AFADDDFC-4C6E-49EC-A6B0-B8612CDE6AD4}.Release|x86.Build.0 = Release|Win32
		{81FE7037-3E24-410B-99BA-00755D2E2449}.Debug|x64.ActiveCfg = Debug|x64
		{81FE7037-3E24-410B-99BA-00755D2E2449}.Debug|x64.Build.0 = Debug|x64
		{81FE7037-3E24-410B-99BA-00755D2E2449}.Debug|x86.ActiveCfg = Debug|Win32
		{81FE7037-3E24-410B-99BA-00755D2E2449}.Debug|x86.Build.0 = Debug|Win32
		{81FE7037-3E24-410B-99BA-00755D2E2449}.Release|x64.ActiveCfg = Release|x64
		{81FE7037-3E24-410B-99BA-00755D2E2449}.Release|x64.Build.0 = Release|x64
		{81FE7037-3E24-410B-99BA-00755D2E2449}.Release|x86.ActiveCfg = Release|Win32
		{81FE7037-3E24-410B-99BA-00755D2E2449}.Release|x86.Build.0 = Release|Win32
		{18ECE3D3-8250-4073-9F0B-2CAA62F80E2A}.Debug|x64.ActiveCfg = Debug|x64
		{18ECE3D3-8250-4073-9F0B-2CAA62F80E2A}.Debug|x64.Build.0 = Debug|x64
		{18ECE3D3-8250-4073-9F0B-2CAA62F80E2A}.Debug|x86.ActiveCfg = Debug|Win32
		{18ECE3D3-8250-4073-9F0B-2CAA62F80E2A}.Debug|x86.Build.0 = Debug|Win32
		{18ECE3D3-8250-4073-9F0B-2CAA62F80E2A}.Release|x64.ActiveCfg = Release|x64
		{18ECE3D3-8250-4073-9F0B-2CAA62F80E2A}.Release|x64.Build.0 = Release|x64
		{18ECE3D3-8250-4073-9F0B-2CAA62F80E2A}.Release|x86.ActiveCfg = Release|Win32
		{18ECE3D3-8250-4073-9F0B-2CAA62F80E2A}.Release|x86.Build.0 = Release|Win32
		{72DA0BC1-81A5-4313-842A-4CB91B8FB3F7}.Debug|x64.ActiveCfg = Debug|x64
		{72DA0BC1-81A5-4313-842A-4CB91B8FB3F7}.Debug|x64.Build.0 = Debug|x64
		{72DA0BC1-81A5-4313-842A-4CB91B8FB3F7}.Debug|x86.ActiveCfg = Debug|Win32
		{72DA0BC1-81A5-4313-842A-4CB91B8FB3F7}.Debug|x86.Build.0 = Debug|Win32
		{72DA0BC1-81A5-4313-842A-4CB91B8FB3F7}.Release|x64.ActiveCfg = Release|x64
		{72DA0BC1-81A5-4313-842A-4CB91B8FB3F7}.Release|x64.Build.0 = Release|x64
		{72DA0BC1-81A5-4313-842A-4CB91B8FB3F7}.Release|x86.ActiveCfg = Release|Win32
		{72DA0BC1-81A5-4313-842A-4CB91B8FB3F7}.Release|x86.Build.0 = Release|Win32
		{0A3D8C7F-5999-47B2-A696-D0D422AB92B9}.Debug|x64.ActiveCfg = Debug|x64
		{0A3D8C7F-5999-47B2-A696-D0D422AB92B9}.Debug|x64.Build.0 = Debug|x64
		{0A3D8C7F-5999-47B2-A696-D0D422AB92B9}.Debug|x86.ActiveCfg = Debug|Win32
		{0A3D8C7F-5999-47B2-A696-D0D422AB92B9}.Debug|x86.Build.0 = Debug|Win32
		{0A3D8C7F-5999-47B2-A696-D0D422AB92B9}.Release|x64.ActiveCfg = Release|x64
		{0A3D8C7F-5999-47B2-A696-D0D422AB92B9}.Release|x64.Build.0 = Release|x64
		{0A3D8C7F-5999-47B2-A696-D0D422AB92B9}.Release|x86.ActiveCfg = Release|Win32
		{0A3D8C7F-5999-47B2-A696-D0D422AB92B9}.Release|x86.Build.0 = Release|Win32
		{3215E509-376C-48DF-B86F-835B97C07AE2}.Debug|x64.ActiveCfg = Debug|x64
		{3215E509-376C-48DF-B86F-835B97C07AE2}.Debug|x64.Build.0 = Debug|x64
		{3215E509-376C-48DF-B86F-835B97C07AE2}.Debug|x86.ActiveCfg = Debug|Win32
		{3215E509-376C-48DF-B86F-835B97C07AE2}.Debug|x86.Build.0 = Debug|Win32
		{3215E509-376C-48DF-B86F-835B97C07AE2}.Release|x64.ActiveCfg = Release|x64
		{3215E509-376C-48DF-B86F-835B97C07AE2}.Release|x64.Build.0 = Release|x64
		{3215E509-376C-48DF-B86F-835B97C07AE2}.Release|x86.ActiveCfg = Release|Win32
		{3215E509-376C-48DF-B86F-835B97C07AE2}.Release|x86.Build.0 = Release|Win32
		{18209D74-BE00-4881-ACFC-37935316B8D7}.Debug|x64.ActiveCfg = Debug|x64
		{18209D74-BE00-4881-ACFC-37935316B8D7}.Debug|x64.Build.0 = Debug|x64
		{18209D74-BE00-4881-ACFC-37935316B8D7}.Debug|x86.ActiveCfg = Debug|Win32
		{18209D74-BE00-4881-ACFC-37935316B8D7}.Debug|x86.Build.0 = Debug|Win32
		{18209D74-BE00-4881-ACFC-37935316B8D7}.Release|x64.ActiveCfg = Release|x64
		{18209D74-BE00-4881-ACFC-37935316B8D7}.Release|x64.Build.0 = Release|x64
		{18209D74-BE00-4881-ACFC-37935316B8D7}.Release|x86.ActiveCfg = Release|Win32
		{18209D74-BE00-4881-ACFC-37935316B8D7}.Release|x86.Build.0 = Release|Win32
		{D058FEBA-1848-45C5-867C-7E8E5C1F9988}.Debug|x64.ActiveCfg = Debug|x64
		{D058FEBA-1848-45C5-867C-7E8E5C1F9988}.Debug|x64.Build.0 = Debug|x64
		{D058FEBA-1848-45C5-867C-7E8E5C1F9988}.Debug|x86.ActiveCfg = Debug|Win32
		{D058FEBA-1848-45C5-867C-7E8E5C1F9988}.Debug|x86.Build.0 = Debug|Win32
		{D058FEBA-1848-45C5-867C-7E8E5C1F9988}.Release|x64.ActiveCfg = Release|x64
		{D058FEBA-1848-45C5-867C-7E8E5C1F9988}.Release|x64.Build.0 = Release|x64
		{D058FEBA-1848-45C5-867C-7E8E5C1F9988}.Release|x86.ActiveCfg = Release|Win32
		{D058FEBA-1848-45C5-867C-7E8E5C1F9988}.Release|x86.Build.0 = Release|Win32
	EndGlobalSection
	GlobalSection(SolutionProperties) = preSolution
		HideSolutionNode = FALSE
	EndGlobalSection
	GlobalSection(NestedProjects) = preSolution
		{2FB522FB-8504-4522-89CB-8D7F8969E4F4} = {90533EBA-91EB-4211-8BE6-D635881E33FD}
		{A113B1A8-29B4-4C05-A2EE-C4825F65C729} = {90533EBA-91EB-4211-8BE6-D635881E33FD}
		{2DB3FEE3-C5A0-4AEC-ACDF-A8EA0D27E6B8} = {90533EBA-91EB-4211-8BE6-D635881E33FD}
		{A581EA54-58DB-4AF7-972A-202927F26BD0} = {90533EBA-91EB-4211-8BE6-D635881E33FD}
		{01EE6200-8E03-4EFE-BDBA-75496195EA66} = {925BDD03-F851-4B18-A797-D9DF6FFE6610}
		{AFADDDFC-4C6E-49EC-A6B0-B8612CDE6AD4} = {925BDD03-F851-4B18-A797-D9DF6FFE6610}
		{81FE7037-3E24-410B-99BA-00755D2E2449} = {79C970BF-72C5-403D-AC4D-854913DF4AF5}
		{18ECE3D3-8250-4073-9F0B-2CAA62F80E2A} = {90533EBA-91EB-4211-8BE6-D635881E33FD}
		{72DA0BC1-81A5-4313-842A-4CB91B8FB3F7} = {79C970BF-72C5-403D-AC4D-854913DF4AF5}
		{0A3D8C7F-5999-47B2-A696-D0D422AB92B9} = {79C970BF-72C5-403D-AC4D-854913DF4AF5}
		{3215E509-376C-48DF-B86F-835B97C07AE2} = {925BDD03-F851-4B18-A797-D9DF6FFE6610}
		{18209D74-BE00-4881-ACFC-37935316B8D7} = {79C970BF-72C5-403D-AC4D-854913DF4AF5}
		{D058FEBA-1848-45C5-867C-7E8E5C1F9988} = {79C970BF-72C5-403D-AC4D-854913DF4AF5}
	EndGlobalSection
	GlobalSection(ExtensibilityGlobals) = postSolution
		SolutionGuid = {B696133D-1844-4A0D-8759-0C1E21ED1325}
	EndGlobalSection
EndGlobal
