
Microsoft Visual Studio Solution File, Format Version 12.00
# Visual Studio 15
VisualStudioVersion = 15.0.26403.7
MinimumVisualStudioVersion = 10.0.40219.1
Project("{2150E333-8FDC-42A3-9474-1A3956D46DE8}") = "Examples", "Examples", "{79C970BF-72C5-403D-AC4D-854913DF4AF5}"
EndProject
Project("{2150E333-8FDC-42A3-9474-1A3956D46DE8}") = "Libraries", "Libraries", "{90533EBA-91EB-4211-8BE6-D635881E33FD}"
EndProject
Project("{2150E333-8FDC-42A3-9474-1A3956D46DE8}") = "Tests", "Tests", "{925BDD03-F851-4B18-A797-D9DF6FFE6610}"
EndProject
Project("{8BC9CEB8-8B4A-11D0-8D11-00A0C91BC942}") = "cnpy", "Libraries\cnpy\cnpy.vcxproj", "{2FB522FB-8504-4522-89CB-8D7F8969E4F4}"
EndProject
Project("{8BC9CEB8-8B4A-11D0-8D11-00A0C91BC942}") = "gtest", "Libraries\gtest\gtest.vcxproj", "{A113B1A8-29B4-4C05-A2EE-C4825F65C729}"
EndProject
Project("{8BC9CEB8-8B4A-11D0-8D11-00A0C91BC942}") = "obj", "Libraries\obj\obj.vcxproj", "{2DB3FEE3-C5A0-4AEC-ACDF-A8EA0D27E6B8}"
EndProject
Project("{8BC9CEB8-8B4A-11D0-8D11-00A0C91BC942}") = "pystring", "Libraries\pystring\pystring.vcxproj", "{A581EA54-58DB-4AF7-972A-202927F26BD0}"
EndProject
Project("{8BC9CEB8-8B4A-11D0-8D11-00A0C91BC942}") = "ManualTests", "Tests\ManualTests\ManualTests.vcxproj", "{3215E509-376C-48DF-B86F-835B97C07AE2}"
EndProject
Project("{8BC9CEB8-8B4A-11D0-8D11-00A0C91BC942}") = "PerformanceTests", "Tests\PerformanceTests\PerformanceTests.vcxproj", "{01EE6200-8E03-4EFE-BDBA-75496195EA66}"
EndProject
Project("{8BC9CEB8-8B4A-11D0-8D11-00A0C91BC942}") = "UnitTests", "Tests\UnitTests\UnitTests.vcxproj", "{757D27A9-B1DE-4F7D-9C16-DF237E05EAA2}"
EndProject
Project("{8BC9CEB8-8B4A-11D0-8D11-00A0C91BC942}") = "CubbyFlow", "Sources\CubbyFlow.vcxproj", "{67F165E0-323E-4FB0-BA14-285063218ED8}"
EndProject
Global
	GlobalSection(SolutionConfigurationPlatforms) = preSolution
		Debug|x64 = Debug|x64
		Debug|x86 = Debug|x86
		Release|x64 = Release|x64
		Release|x86 = Release|x86
	EndGlobalSection
	GlobalSection(ProjectConfigurationPlatforms) = postSolution
		{2FB522FB-8504-4522-89CB-8D7F8969E4F4}.Debug|x64.ActiveCfg = Debug|x64
		{2FB522FB-8504-4522-89CB-8D7F8969E4F4}.Debug|x64.Build.0 = Debug|x64
		{2FB522FB-8504-4522-89CB-8D7F8969E4F4}.Debug|x86.ActiveCfg = Debug|Win32
		{2FB522FB-8504-4522-89CB-8D7F8969E4F4}.Debug|x86.Build.0 = Debug|Win32
		{2FB522FB-8504-4522-89CB-8D7F8969E4F4}.Release|x64.ActiveCfg = Release|x64
		{2FB522FB-8504-4522-89CB-8D7F8969E4F4}.Release|x64.Build.0 = Release|x64
		{2FB522FB-8504-4522-89CB-8D7F8969E4F4}.Release|x86.ActiveCfg = Release|Win32
		{2FB522FB-8504-4522-89CB-8D7F8969E4F4}.Release|x86.Build.0 = Release|Win32
		{A113B1A8-29B4-4C05-A2EE-C4825F65C729}.Debug|x64.ActiveCfg = Debug|x64
		{A113B1A8-29B4-4C05-A2EE-C4825F65C729}.Debug|x64.Build.0 = Debug|x64
		{A113B1A8-29B4-4C05-A2EE-C4825F65C729}.Debug|x86.ActiveCfg = Debug|Win32
		{A113B1A8-29B4-4C05-A2EE-C4825F65C729}.Debug|x86.Build.0 = Debug|Win32
		{A113B1A8-29B4-4C05-A2EE-C4825F65C729}.Release|x64.ActiveCfg = Release|x64
		{A113B1A8-29B4-4C05-A2EE-C4825F65C729}.Release|x64.Build.0 = Release|x64
		{A113B1A8-29B4-4C05-A2EE-C4825F65C729}.Release|x86.ActiveCfg = Release|Win32
		{A113B1A8-29B4-4C05-A2EE-C4825F65C729}.Release|x86.Build.0 = Release|Win32
		{2DB3FEE3-C5A0-4AEC-ACDF-A8EA0D27E6B8}.Debug|x64.ActiveCfg = Debug|x64
		{2DB3FEE3-C5A0-4AEC-ACDF-A8EA0D27E6B8}.Debug|x64.Build.0 = Debug|x64
		{2DB3FEE3-C5A0-4AEC-ACDF-A8EA0D27E6B8}.Debug|x86.ActiveCfg = Debug|Win32
		{2DB3FEE3-C5A0-4AEC-ACDF-A8EA0D27E6B8}.Debug|x86.Build.0 = Debug|Win32
		{2DB3FEE3-C5A0-4AEC-ACDF-A8EA0D27E6B8}.Release|x64.ActiveCfg = Release|x64
		{2DB3FEE3-C5A0-4AEC-ACDF-A8EA0D27E6B8}.Release|x64.Build.0 = Release|x64
		{2DB3FEE3-C5A0-4AEC-ACDF-A8EA0D27E6B8}.Release|x86.ActiveCfg = Release|Win32
		{2DB3FEE3-C5A0-4AEC-ACDF-A8EA0D27E6B8}.Release|x86.Build.0 = Release|Win32
		{A581EA54-58DB-4AF7-972A-202927F26BD0}.Debug|x64.ActiveCfg = Debug|x64
		{A581EA54-58DB-4AF7-972A-202927F26BD0}.Debug|x64.Build.0 = Debug|x64
		{A581EA54-58DB-4AF7-972A-202927F26BD0}.Debug|x86.ActiveCfg = Debug|Win32
		{A581EA54-58DB-4AF7-972A-202927F26BD0}.Debug|x86.Build.0 = Debug|Win32
		{A581EA54-58DB-4AF7-972A-202927F26BD0}.Release|x64.ActiveCfg = Release|x64
		{A581EA54-58DB-4AF7-972A-202927F26BD0}.Release|x64.Build.0 = Release|x64
		{A581EA54-58DB-4AF7-972A-202927F26BD0}.Release|x86.ActiveCfg = Release|Win32
		{A581EA54-58DB-4AF7-972A-202927F26BD0}.Release|x86.Build.0 = Release|Win32
		{3215E509-376C-48DF-B86F-835B97C07AE2}.Debug|x64.ActiveCfg = Debug|x64
		{3215E509-376C-48DF-B86F-835B97C07AE2}.Debug|x64.Build.0 = Debug|x64
		{3215E509-376C-48DF-B86F-835B97C07AE2}.Debug|x86.ActiveCfg = Debug|Win32
		{3215E509-376C-48DF-B86F-835B97C07AE2}.Debug|x86.Build.0 = Debug|Win32
		{3215E509-376C-48DF-B86F-835B97C07AE2}.Release|x64.ActiveCfg = Release|x64
		{3215E509-376C-48DF-B86F-835B97C07AE2}.Release|x64.Build.0 = Release|x64
		{3215E509-376C-48DF-B86F-835B97C07AE2}.Release|x86.ActiveCfg = Release|Win32
		{3215E509-376C-48DF-B86F-835B97C07AE2}.Release|x86.Build.0 = Release|Win32
		{01EE6200-8E03-4EFE-BDBA-75496195EA66}.Debug|x64.ActiveCfg = Debug|x64
		{01EE6200-8E03-4EFE-BDBA-75496195EA66}.Debug|x64.Build.0 = Debug|x64
		{01EE6200-8E03-4EFE-BDBA-75496195EA66}.Debug|x86.ActiveCfg = Debug|Win32
		{01EE6200-8E03-4EFE-BDBA-75496195EA66}.Debug|x86.Build.0 = Debug|Win32
		{01EE6200-8E03-4EFE-BDBA-75496195EA66}.Release|x64.ActiveCfg = Release|x64
		{01EE6200-8E03-4EFE-BDBA-75496195EA66}.Release|x64.Build.0 = Release|x64
		{01EE6200-8E03-4EFE-BDBA-75496195EA66}.Release|x86.ActiveCfg = Release|Win32
		{01EE6200-8E03-4EFE-BDBA-75496195EA66}.Release|x86.Build.0 = Release|Win32
		{757D27A9-B1DE-4F7D-9C16-DF237E05EAA2}.Debug|x64.ActiveCfg = Debug|x64
		{757D27A9-B1DE-4F7D-9C16-DF237E05EAA2}.Debug|x64.Build.0 = Debug|x64
		{757D27A9-B1DE-4F7D-9C16-DF237E05EAA2}.Debug|x86.ActiveCfg = Debug|Win32
		{757D27A9-B1DE-4F7D-9C16-DF237E05EAA2}.Debug|x86.Build.0 = Debug|Win32
		{757D27A9-B1DE-4F7D-9C16-DF237E05EAA2}.Release|x64.ActiveCfg = Release|x64
		{757D27A9-B1DE-4F7D-9C16-DF237E05EAA2}.Release|x64.Build.0 = Release|x64
		{757D27A9-B1DE-4F7D-9C16-DF237E05EAA2}.Release|x86.ActiveCfg = Release|Win32
		{757D27A9-B1DE-4F7D-9C16-DF237E05EAA2}.Release|x86.Build.0 = Release|Win32
		{67F165E0-323E-4FB0-BA14-285063218ED8}.Debug|x64.ActiveCfg = Debug|x64
		{67F165E0-323E-4FB0-BA14-285063218ED8}.Debug|x64.Build.0 = Debug|x64
		{67F165E0-323E-4FB0-BA14-285063218ED8}.Debug|x86.ActiveCfg = Debug|Win32
		{67F165E0-323E-4FB0-BA14-285063218ED8}.Debug|x86.Build.0 = Debug|Win32
		{67F165E0-323E-4FB0-BA14-285063218ED8}.Release|x64.ActiveCfg = Release|x64
		{67F165E0-323E-4FB0-BA14-285063218ED8}.Release|x64.Build.0 = Release|x64
		{67F165E0-323E-4FB0-BA14-285063218ED8}.Release|x86.ActiveCfg = Release|Win32
		{67F165E0-323E-4FB0-BA14-285063218ED8}.Release|x86.Build.0 = Release|Win32
	EndGlobalSection
	GlobalSection(SolutionProperties) = preSolution
		HideSolutionNode = FALSE
	EndGlobalSection
	GlobalSection(NestedProjects) = preSolution
		{2FB522FB-8504-4522-89CB-8D7F8969E4F4} = {90533EBA-91EB-4211-8BE6-D635881E33FD}
		{A113B1A8-29B4-4C05-A2EE-C4825F65C729} = {90533EBA-91EB-4211-8BE6-D635881E33FD}
		{2DB3FEE3-C5A0-4AEC-ACDF-A8EA0D27E6B8} = {90533EBA-91EB-4211-8BE6-D635881E33FD}
		{A581EA54-58DB-4AF7-972A-202927F26BD0} = {90533EBA-91EB-4211-8BE6-D635881E33FD}
		{3215E509-376C-48DF-B86F-835B97C07AE2} = {925BDD03-F851-4B18-A797-D9DF6FFE6610}
		{01EE6200-8E03-4EFE-BDBA-75496195EA66} = {925BDD03-F851-4B18-A797-D9DF6FFE6610}
		{757D27A9-B1DE-4F7D-9C16-DF237E05EAA2} = {925BDD03-F851-4B18-A797-D9DF6FFE6610}
	EndGlobalSection
EndGlobal
