<?xml version="1.0" encoding="utf-8"?>
<Project ToolsVersion="4.0" xmlns="http://schemas.microsoft.com/developer/msbuild/2003">
  <ItemGroup>
    <ClCompile Include="pch.cpp">
      <Filter>Precompiled Header</Filter>
    </ClCompile>
    <ClCompile Include="ManualTests.cpp" />
    <ClCompile Include="AnimationTests.cpp" />
    <ClCompile Include="PhysicsAnimationTests.cpp" />
    <ClCompile Include="ParticleSystemSolver2Tests.cpp" />
    <ClCompile Include="ParticleSystemSolver3Tests.cpp" />
    <ClCompile Include="ArrayUtilsTests.cpp" />
    <ClCompile Include="FieldTests.cpp" />
    <ClCompile Include="HelloFluidSimTests.cpp" />
    <ClCompile Include="MarchingCubesTests.cpp" />
    <ClCompile Include="TriangleMeshToSDFTests.cpp" />
    <ClCompile Include="TriangleMesh3Tests.cpp" />
    <ClCompile Include="PCISPHSolver2Tests.cpp" />
    <ClCompile Include="PCISPHSolver3Tests.cpp" />
    <ClCompile Include="SPHKernelTests.cpp" />
    <ClCompile Include="SPHSolver2Tests.cpp" />
    <ClCompile Include="SPHSolver3Tests.cpp" />
    <ClCompile Include="SPHSystemDataTests.cpp" />
    <ClCompile Include="VolumeParticleEmitterTests.cpp" />
  </ItemGroup>
  <ItemGroup>
    <Filter Include="Precompiled Header">
      <UniqueIdentifier>{9cb65ab0-0182-4b87-af3d-a8fb998ab9d8}</UniqueIdentifier>
    </Filter>
    <Filter Include="Resources">
      <UniqueIdentifier>{01e3b9d2-96d8-48c9-9cb1-a61b3c8cadd5}</UniqueIdentifier>
    </Filter>
  </ItemGroup>
  <ItemGroup>
    <ClInclude Include="pch.h">
      <Filter>Precompiled Header</Filter>
    </ClInclude>
    <ClInclude Include="ManualTests.h" />
  </ItemGroup>
  <ItemGroup>
    <None Include="packages.config" />
  </ItemGroup>
  <ItemGroup>
    <Object Include="..\..\Resources\bunny.obj">
      <Filter>Resources</Filter>
    </Object>
    <Object Include="..\..\Resources\cube.obj">
      <Filter>Resources</Filter>
    </Object>
  </ItemGroup>
</Project>