<?xml version="1.0" encoding="utf-8"?>
<Project ToolsVersion="4.0" xmlns="http://schemas.microsoft.com/developer/msbuild/2003">
  <ItemGroup>
    <Filter Include="Array">
      <UniqueIdentifier>{42b4cbb6-09f9-41f2-a4c1-4b6c3f5d413e}</UniqueIdentifier>
    </Filter>
    <Filter Include="Utils">
      <UniqueIdentifier>{ee0d78ce-8c31-45de-997a-0974a148889e}</UniqueIdentifier>
    </Filter>
    <Filter Include="Size">
      <UniqueIdentifier>{7086aa98-35e6-4dcd-a24c-0082f7ce1648}</UniqueIdentifier>
    </Filter>
    <Filter Include="Point">
      <UniqueIdentifier>{99e5baf1-50a1-4cd4-9cdc-825cb8c33b80}</UniqueIdentifier>
    </Filter>
    <Filter Include="Vector">
      <UniqueIdentifier>{2a9323e0-24d8-40e1-8075-5276f4af16aa}</UniqueIdentifier>
    </Filter>
    <Filter Include="Matrix">
      <UniqueIdentifier>{6a2e4735-c1fb-4d91-adca-a5b79b0b7313}</UniqueIdentifier>
    </Filter>
    <Filter Include="Field">
      <UniqueIdentifier>{b8c6f199-2af6-4dad-bd3c-14c813cebdc7}</UniqueIdentifier>
    </Filter>
    <Filter Include="Math">
      <UniqueIdentifier>{8470db9a-4058-4955-a16b-1d4a607f68bf}</UniqueIdentifier>
    </Filter>
    <Filter Include="Ray">
      <UniqueIdentifier>{88c42ed7-3ce4-495c-9f44-df24261a3799}</UniqueIdentifier>
    </Filter>
    <Filter Include="BoundingBox">
      <UniqueIdentifier>{00e2a1d5-edab-4842-9dc2-e3dc57eb338a}</UniqueIdentifier>
    </Filter>
    <Filter Include="Transform">
      <UniqueIdentifier>{54364948-8816-420d-9b91-1058870b6dac}</UniqueIdentifier>
    </Filter>
    <Filter Include="Surface">
      <UniqueIdentifier>{e0c0a01c-f0ab-4375-8fc3-81473906cad6}</UniqueIdentifier>
    </Filter>
    <Filter Include="Geometry">
      <UniqueIdentifier>{35979af0-a3e2-4397-9d98-bbb8d1824924}</UniqueIdentifier>
    </Filter>
    <Filter Include="Surface\Implicit">
      <UniqueIdentifier>{e0a81b04-6d80-4c54-a6bc-4d280d6a1ac8}</UniqueIdentifier>
    </Filter>
    <Filter Include="Animation">
      <UniqueIdentifier>{66527e50-1573-4ed5-9787-547eb1e6ca10}</UniqueIdentifier>
    </Filter>
    <Filter Include="Particle">
      <UniqueIdentifier>{260fb7af-6a14-44bc-a6e8-38f14a0bc129}</UniqueIdentifier>
    </Filter>
    <Filter Include="Searcher">
      <UniqueIdentifier>{67a78e8f-ef0b-4bcf-b3f0-62309465fb60}</UniqueIdentifier>
    </Filter>
    <Filter Include="Collider">
      <UniqueIdentifier>{8d1047ba-9c15-4fe7-8253-95e130bfd0b0}</UniqueIdentifier>
    </Filter>
    <Filter Include="SPH">
      <UniqueIdentifier>{402d7c92-0a46-4d1e-ac86-81818a8b0055}</UniqueIdentifier>
    </Filter>
    <Filter Include="PointGenerator">
      <UniqueIdentifier>{869999c1-7c14-4ba2-9aff-37e1ec1d8b2d}</UniqueIdentifier>
    </Filter>
    <Filter Include="Grid">
      <UniqueIdentifier>{e1cdcc58-20e4-4dcc-b323-5abdf33411fa}</UniqueIdentifier>
    </Filter>
    <Filter Include="MarchingCubes">
      <UniqueIdentifier>{518811c7-e8b4-4905-8fe4-c4791e0fbcb0}</UniqueIdentifier>
    </Filter>
    <Filter Include="LevelSet">
      <UniqueIdentifier>{bf156606-74d5-4a60-ab42-e68a30ecaf49}</UniqueIdentifier>
    </Filter>
    <Filter Include="Emitter">
      <UniqueIdentifier>{fae84f3f-d522-4671-a9f1-e692179fda84}</UniqueIdentifier>
    </Filter>
    <Filter Include="SemiLagrangian">
      <UniqueIdentifier>{d21e6f5b-1308-4e11-97da-e0b08344ea20}</UniqueIdentifier>
    </Filter>
    <Filter Include="Solver">
      <UniqueIdentifier>{bbced9cc-448d-48a1-a1c2-2960a0d7dd96}</UniqueIdentifier>
    </Filter>
    <Filter Include="Solver\Advection">
      <UniqueIdentifier>{bc9bc0cf-f777-4ec9-bdff-7c334f034162}</UniqueIdentifier>
    </Filter>
    <Filter Include="Solver\SPH">
      <UniqueIdentifier>{e3d09d3c-1adf-4925-a6b8-4e6f0226693f}</UniqueIdentifier>
    </Filter>
    <Filter Include="Solver\Grid">
      <UniqueIdentifier>{1bc65f52-bfe0-4d99-890b-ca420750fda8}</UniqueIdentifier>
    </Filter>
    <Filter Include="Solver\Particle">
      <UniqueIdentifier>{c16c9bae-a71a-4c80-910a-7a620deadcc3}</UniqueIdentifier>
    </Filter>
    <Filter Include="Solver\PCISPH">
      <UniqueIdentifier>{e0623ba4-97d3-46f5-82bd-2396d4791a3a}</UniqueIdentifier>
    </Filter>
    <Filter Include="FDM">
      <UniqueIdentifier>{94244947-1431-462f-ba65-454033551df6}</UniqueIdentifier>
    </Filter>
    <Filter Include="Solver\FDM">
      <UniqueIdentifier>{66ebd415-b968-4e17-95fe-c6c18b5f5927}</UniqueIdentifier>
    </Filter>
    <Filter Include="Solver\Smoke">
      <UniqueIdentifier>{4a15bdfb-23e4-4287-bd52-b30cf99a1afa}</UniqueIdentifier>
    </Filter>
    <Filter Include="Solver\LevelSet">
      <UniqueIdentifier>{9549e12d-95ba-4544-bc1a-78dd21095ccf}</UniqueIdentifier>
    </Filter>
    <Filter Include="Solver\PIC">
      <UniqueIdentifier>{fc42f5e6-48aa-40a0-b46c-15fcca792eab}</UniqueIdentifier>
    </Filter>
    <Filter Include="Solver\FLIP">
      <UniqueIdentifier>{7917d6d6-8b41-4094-b23b-94c01d88b46b}</UniqueIdentifier>
    </Filter>
    <Filter Include="Solver\APIC">
      <UniqueIdentifier>{78c9573b-abd3-413a-9dff-3d655cb5ed52}</UniqueIdentifier>
    </Filter>
    <Filter Include="QueryEngine">
      <UniqueIdentifier>{2771e784-61c7-4f3c-8770-05468a3d1a7b}</UniqueIdentifier>
    </Filter>
    <Filter Include="Point\Implicit">
      <UniqueIdentifier>{b874aff1-e9b2-407e-88c5-c69a4de92709}</UniqueIdentifier>
    </Filter>
  </ItemGroup>
  <ItemGroup>
    <ClInclude Include="..\Includes\Animation\Animation.h">
      <Filter>Animation</Filter>
    </ClInclude>
    <ClInclude Include="..\Includes\Animation\Frame.h">
      <Filter>Animation</Filter>
    </ClInclude>
    <ClInclude Include="..\Includes\Animation\PhysicsAnimation.h">
      <Filter>Animation</Filter>
    </ClInclude>
    <ClInclude Include="..\Includes\BoundingBox\BoundingBox.h">
      <Filter>BoundingBox</Filter>
    </ClInclude>
    <ClInclude Include="..\Includes\BoundingBox\BoundingBox2.h">
      <Filter>BoundingBox</Filter>
    </ClInclude>
    <ClInclude Include="..\Includes\BoundingBox\BoundingBox3.h">
      <Filter>BoundingBox</Filter>
    </ClInclude>
    <ClInclude Include="..\Includes\Field\ConstantScalarField2.h">
      <Filter>Field</Filter>
    </ClInclude>
    <ClInclude Include="..\Includes\Field\ConstantScalarField3.h">
      <Filter>Field</Filter>
    </ClInclude>
    <ClInclude Include="..\Includes\Field\ConstantVectorField2.h">
      <Filter>Field</Filter>
    </ClInclude>
    <ClInclude Include="..\Includes\Field\ConstantVectorField3.h">
      <Filter>Field</Filter>
    </ClInclude>
    <ClInclude Include="..\Includes\Field\CustomScalarField2.h">
      <Filter>Field</Filter>
    </ClInclude>
    <ClInclude Include="..\Includes\Field\CustomScalarField3.h">
      <Filter>Field</Filter>
    </ClInclude>
    <ClInclude Include="..\Includes\Field\CustomVectorField2.h">
      <Filter>Field</Filter>
    </ClInclude>
    <ClInclude Include="..\Includes\Field\CustomVectorField3.h">
      <Filter>Field</Filter>
    </ClInclude>
    <ClInclude Include="..\Includes\Field\Field2.h">
      <Filter>Field</Filter>
    </ClInclude>
    <ClInclude Include="..\Includes\Field\Field3.h">
      <Filter>Field</Filter>
    </ClInclude>
    <ClInclude Include="..\Includes\Field\ScalarField2.h">
      <Filter>Field</Filter>
    </ClInclude>
    <ClInclude Include="..\Includes\Field\ScalarField3.h">
      <Filter>Field</Filter>
    </ClInclude>
    <ClInclude Include="..\Includes\Field\VectorField2.h">
      <Filter>Field</Filter>
    </ClInclude>
    <ClInclude Include="..\Includes\Field\VectorField3.h">
      <Filter>Field</Filter>
    </ClInclude>
    <ClInclude Include="..\Includes\Geometry\Sphere2.h">
      <Filter>Geometry</Filter>
    </ClInclude>
    <ClInclude Include="..\Includes\Geometry\Sphere3.h">
      <Filter>Geometry</Filter>
    </ClInclude>
    <ClInclude Include="..\Includes\Geometry\Triangle3.h">
      <Filter>Geometry</Filter>
    </ClInclude>
    <ClInclude Include="..\Includes\Geometry\TriangleMesh3.h">
      <Filter>Geometry</Filter>
    </ClInclude>
    <ClInclude Include="..\Includes\Math\Quaternion.h">
      <Filter>Math</Filter>
    </ClInclude>
    <ClInclude Include="..\Includes\Ray\Ray.h">
      <Filter>Ray</Filter>
    </ClInclude>
    <ClInclude Include="..\Includes\Ray\Ray2.h">
      <Filter>Ray</Filter>
    </ClInclude>
    <ClInclude Include="..\Includes\Ray\Ray3.h">
      <Filter>Ray</Filter>
    </ClInclude>
    <ClInclude Include="..\Includes\Size\Size.h">
      <Filter>Size</Filter>
    </ClInclude>
    <ClInclude Include="..\Includes\Size\Size2.h">
      <Filter>Size</Filter>
    </ClInclude>
    <ClInclude Include="..\Includes\Size\Size3.h">
      <Filter>Size</Filter>
    </ClInclude>
    <ClInclude Include="..\Includes\Surface\Surface2.h">
      <Filter>Surface</Filter>
    </ClInclude>
    <ClInclude Include="..\Includes\Surface\Surface3.h">
      <Filter>Surface</Filter>
    </ClInclude>
    <ClInclude Include="..\Includes\Surface\SurfaceSet2.h">
      <Filter>Surface</Filter>
    </ClInclude>
    <ClInclude Include="..\Includes\Surface\SurfaceSet3.h">
      <Filter>Surface</Filter>
    </ClInclude>
    <ClInclude Include="..\Includes\Surface\Implicit\ImplicitSurface2.h">
      <Filter>Surface\Implicit</Filter>
    </ClInclude>
    <ClInclude Include="..\Includes\Surface\Implicit\ImplicitSurface3.h">
      <Filter>Surface\Implicit</Filter>
    </ClInclude>
    <ClInclude Include="..\Includes\Surface\Implicit\ImplicitSurfaceSet2.h">
      <Filter>Surface\Implicit</Filter>
    </ClInclude>
    <ClInclude Include="..\Includes\Surface\Implicit\ImplicitSurfaceSet3.h">
      <Filter>Surface\Implicit</Filter>
    </ClInclude>
    <ClInclude Include="..\Includes\Surface\Implicit\SurfaceToImplicit2.h">
      <Filter>Surface\Implicit</Filter>
    </ClInclude>
    <ClInclude Include="..\Includes\Surface\Implicit\SurfaceToImplicit3.h">
      <Filter>Surface\Implicit</Filter>
    </ClInclude>
    <ClInclude Include="..\Includes\Transform\Transform2.h">
      <Filter>Transform</Filter>
    </ClInclude>
    <ClInclude Include="..\Includes\Transform\Transform3.h">
      <Filter>Transform</Filter>
    </ClInclude>
    <ClInclude Include="..\Includes\Utils\Constants.h">
      <Filter>Utils</Filter>
    </ClInclude>
    <ClInclude Include="..\Includes\Utils\Logger.h">
      <Filter>Utils</Filter>
    </ClInclude>
    <ClInclude Include="..\Includes\Utils\Macros.h">
      <Filter>Utils</Filter>
    </ClInclude>
    <ClInclude Include="..\Includes\Utils\Parallel.h">
      <Filter>Utils</Filter>
    </ClInclude>
    <ClInclude Include="..\Includes\Utils\Timer.h">
      <Filter>Utils</Filter>
    </ClInclude>
    <ClInclude Include="..\Includes\Utils\TypeHelpers.h">
      <Filter>Utils</Filter>
    </ClInclude>
    <ClInclude Include="..\Includes\Array\Array.h">
      <Filter>Array</Filter>
    </ClInclude>
    <ClInclude Include="..\Includes\Array\Array1.h">
      <Filter>Array</Filter>
    </ClInclude>
    <ClInclude Include="..\Includes\Array\Array1-Impl.h">
      <Filter>Array</Filter>
    </ClInclude>
    <ClInclude Include="..\Includes\Array\Array2.h">
      <Filter>Array</Filter>
    </ClInclude>
    <ClInclude Include="..\Includes\Array\Array2-Impl.h">
      <Filter>Array</Filter>
    </ClInclude>
    <ClInclude Include="..\Includes\Array\Array3.h">
      <Filter>Array</Filter>
    </ClInclude>
    <ClInclude Include="..\Includes\Array\Array3-Impl.h">
      <Filter>Array</Filter>
    </ClInclude>
    <ClInclude Include="..\Includes\Array\ArrayAccessor.h">
      <Filter>Array</Filter>
    </ClInclude>
    <ClInclude Include="..\Includes\Array\ArrayAccessor1.h">
      <Filter>Array</Filter>
    </ClInclude>
    <ClInclude Include="..\Includes\Array\ArrayAccessor1-Impl.h">
      <Filter>Array</Filter>
    </ClInclude>
    <ClInclude Include="..\Includes\Array\ArrayAccessor2.h">
      <Filter>Array</Filter>
    </ClInclude>
    <ClInclude Include="..\Includes\Array\ArrayAccessor2-Impl.h">
      <Filter>Array</Filter>
    </ClInclude>
    <ClInclude Include="..\Includes\Array\ArrayAccessor3.h">
      <Filter>Array</Filter>
    </ClInclude>
    <ClInclude Include="..\Includes\Array\ArrayAccessor3-Impl.h">
      <Filter>Array</Filter>
    </ClInclude>
    <ClInclude Include="..\Includes\BoundingBox\BoundingBox2-Impl.h">
      <Filter>BoundingBox</Filter>
    </ClInclude>
    <ClInclude Include="..\Includes\BoundingBox\BoundingBox3-Impl.h">
      <Filter>BoundingBox</Filter>
    </ClInclude>
    <ClInclude Include="..\Includes\BoundingBox\BoundingBox-Impl.h">
      <Filter>BoundingBox</Filter>
    </ClInclude>
    <ClInclude Include="..\Includes\Vector\Vector4-Impl.h">
      <Filter>Vector</Filter>
    </ClInclude>
    <ClInclude Include="..\Includes\Vector\Vector-Impl.h">
      <Filter>Vector</Filter>
    </ClInclude>
    <ClInclude Include="..\Includes\Vector\Vector.h">
      <Filter>Vector</Filter>
    </ClInclude>
    <ClInclude Include="..\Includes\Vector\Vector2.h">
      <Filter>Vector</Filter>
    </ClInclude>
    <ClInclude Include="..\Includes\Vector\Vector2-Impl.h">
      <Filter>Vector</Filter>
    </ClInclude>
    <ClInclude Include="..\Includes\Vector\Vector3.h">
      <Filter>Vector</Filter>
    </ClInclude>
    <ClInclude Include="..\Includes\Vector\Vector3-Impl.h">
      <Filter>Vector</Filter>
    </ClInclude>
    <ClInclude Include="..\Includes\Vector\Vector4.h">
      <Filter>Vector</Filter>
    </ClInclude>
    <ClInclude Include="..\Includes\Math\Quaternion-Impl.h">
      <Filter>Math</Filter>
    </ClInclude>
    <ClInclude Include="..\Includes\Ray\Ray2-Impl.h">
      <Filter>Ray</Filter>
    </ClInclude>
    <ClInclude Include="..\Includes\Ray\Ray3-Impl.h">
      <Filter>Ray</Filter>
    </ClInclude>
    <ClInclude Include="..\Includes\Point\Point2.h">
      <Filter>Point</Filter>
    </ClInclude>
    <ClInclude Include="..\Includes\Point\Point2-Impl.h">
      <Filter>Point</Filter>
    </ClInclude>
    <ClInclude Include="..\Includes\Point\Point3.h">
      <Filter>Point</Filter>
    </ClInclude>
    <ClInclude Include="..\Includes\Point\Point3-Impl.h">
      <Filter>Point</Filter>
    </ClInclude>
    <ClInclude Include="..\Includes\Point\Point-Impl.h">
      <Filter>Point</Filter>
    </ClInclude>
    <ClInclude Include="..\Includes\Point\Point.h">
      <Filter>Point</Filter>
    </ClInclude>
    <ClInclude Include="..\Includes\Matrix\Matrix4x4-Impl.h">
      <Filter>Matrix</Filter>
    </ClInclude>
    <ClInclude Include="..\Includes\Matrix\Matrix-Impl.h">
      <Filter>Matrix</Filter>
    </ClInclude>
    <ClInclude Include="..\Includes\Matrix\Matrix.h">
      <Filter>Matrix</Filter>
    </ClInclude>
    <ClInclude Include="..\Includes\Matrix\Matrix2x2.h">
      <Filter>Matrix</Filter>
    </ClInclude>
    <ClInclude Include="..\Includes\Matrix\Matrix2x2-Impl.h">
      <Filter>Matrix</Filter>
    </ClInclude>
    <ClInclude Include="..\Includes\Matrix\Matrix3x3.h">
      <Filter>Matrix</Filter>
    </ClInclude>
    <ClInclude Include="..\Includes\Matrix\Matrix3x3-Impl.h">
      <Filter>Matrix</Filter>
    </ClInclude>
    <ClInclude Include="..\Includes\Matrix\Matrix4x4.h">
      <Filter>Matrix</Filter>
    </ClInclude>
    <ClInclude Include="..\Includes\Utils\Serialization.h">
      <Filter>Utils</Filter>
    </ClInclude>
    <ClInclude Include="..\Includes\Utils\Serialization-Impl.h">
      <Filter>Utils</Filter>
    </ClInclude>
    <ClInclude Include="..\Includes\Particle\ParticleSystemData2.h">
      <Filter>Particle</Filter>
    </ClInclude>
    <ClInclude Include="..\Includes\Array\ArraySamplers.h">
      <Filter>Array</Filter>
    </ClInclude>
    <ClInclude Include="..\Includes\Array\ArraySamplers1.h">
      <Filter>Array</Filter>
    </ClInclude>
    <ClInclude Include="..\Includes\Array\ArraySamplers2.h">
      <Filter>Array</Filter>
    </ClInclude>
    <ClInclude Include="..\Includes\Array\ArraySamplers3.h">
      <Filter>Array</Filter>
    </ClInclude>
    <ClInclude Include="..\Includes\Array\ArraySamplers1-Impl.h">
      <Filter>Array</Filter>
    </ClInclude>
    <ClInclude Include="..\Includes\Array\ArrayUtils.h">
      <Filter>Array</Filter>
    </ClInclude>
    <ClInclude Include="..\Includes\Array\ArrayUtils-Impl.h">
      <Filter>Array</Filter>
    </ClInclude>
    <ClInclude Include="..\Includes\Searcher\PointNeighborSearcher2.h">
      <Filter>Searcher</Filter>
    </ClInclude>
    <ClInclude Include="..\Includes\Searcher\PointParallelHashGridSearcher2.h">
      <Filter>Searcher</Filter>
    </ClInclude>
    <ClInclude Include="..\Includes\Utils\FlatbuffersHelper.h">
      <Filter>Utils</Filter>
    </ClInclude>
    <ClInclude Include="..\Includes\Utils\Factory.h">
      <Filter>Utils</Filter>
    </ClInclude>
    <ClInclude Include="..\Includes\Searcher\PointNeighborSearcher3.h">
      <Filter>Searcher</Filter>
    </ClInclude>
    <ClInclude Include="..\Includes\Searcher\PointParallelHashGridSearcher3.h">
      <Filter>Searcher</Filter>
    </ClInclude>
    <ClInclude Include="..\Includes\Particle\ParticleSystemData3.h">
      <Filter>Particle</Filter>
    </ClInclude>
    <ClInclude Include="..\Includes\Collider\Collider2.h">
      <Filter>Collider</Filter>
    </ClInclude>
    <ClInclude Include="..\Includes\Collider\Collider3.h">
      <Filter>Collider</Filter>
    </ClInclude>
    <ClInclude Include="..\Includes\Collider\ColliderSet2.h">
      <Filter>Collider</Filter>
    </ClInclude>
    <ClInclude Include="..\Includes\Collider\ColliderSet3.h">
      <Filter>Collider</Filter>
    </ClInclude>
    <ClInclude Include="..\Includes\Array\ArraySamplers2-Impl.h">
      <Filter>Array</Filter>
    </ClInclude>
    <ClInclude Include="..\Includes\Math\MathUtils-Impl.h">
      <Filter>Math</Filter>
    </ClInclude>
    <ClInclude Include="..\Includes\Math\MathUtils.h">
      <Filter>Math</Filter>
    </ClInclude>
    <ClInclude Include="..\Includes\Array\ArraySamplers3-Impl.h">
      <Filter>Array</Filter>
    </ClInclude>
    <ClInclude Include="..\Includes\Searcher\PointHashGridSearcher2.h">
      <Filter>Searcher</Filter>
    </ClInclude>
    <ClInclude Include="..\Includes\Searcher\PointHashGridSearcher3.h">
      <Filter>Searcher</Filter>
    </ClInclude>
    <ClInclude Include="..\Includes\Searcher\PointSimpleListSearcher2.h">
      <Filter>Searcher</Filter>
    </ClInclude>
    <ClInclude Include="..\Includes\Searcher\PointSimpleListSearcher3.h">
      <Filter>Searcher</Filter>
    </ClInclude>
    <ClInclude Include="..\Includes\Utils\Parallel-Impl.h">
      <Filter>Utils</Filter>
    </ClInclude>
    <ClInclude Include="..\Includes\SPH\SPHStdKernel2.h">
      <Filter>SPH</Filter>
    </ClInclude>
    <ClInclude Include="..\Includes\SPH\SPHStdKernel3.h">
      <Filter>SPH</Filter>
    </ClInclude>
    <ClInclude Include="..\Includes\SPH\SPHSystemData2.h">
      <Filter>SPH</Filter>
    </ClInclude>
    <ClInclude Include="..\Includes\SPH\SPHSystemData3.h">
      <Filter>SPH</Filter>
    </ClInclude>
    <ClInclude Include="..\Includes\PointGenerator\PointGenerator2.h">
      <Filter>PointGenerator</Filter>
    </ClInclude>
    <ClInclude Include="..\Includes\PointGenerator\PointGenerator3.h">
      <Filter>PointGenerator</Filter>
    </ClInclude>
    <ClInclude Include="..\Includes\PointGenerator\TrianglePointGenerator.h">
      <Filter>PointGenerator</Filter>
    </ClInclude>
    <ClInclude Include="Utils\PhysicsHelpers.h">
      <Filter>Utils</Filter>
    </ClInclude>
    <ClInclude Include="..\Includes\PointGenerator\BccLatticePointGenerator.h">
      <Filter>PointGenerator</Filter>
    </ClInclude>
    <ClInclude Include="..\Includes\Geometry\Plane2.h">
      <Filter>Geometry</Filter>
    </ClInclude>
    <ClInclude Include="..\Includes\Geometry\Plane3.h">
      <Filter>Geometry</Filter>
    </ClInclude>
    <ClInclude Include="..\Includes\Utils\Samplers.h">
      <Filter>Utils</Filter>
    </ClInclude>
    <ClInclude Include="..\Includes\Utils\Samplers-Impl.h">
      <Filter>Utils</Filter>
    </ClInclude>
    <ClInclude Include="..\Includes\Geometry\Box2.h">
      <Filter>Geometry</Filter>
    </ClInclude>
    <ClInclude Include="..\Includes\Geometry\Box3.h">
      <Filter>Geometry</Filter>
    </ClInclude>
    <ClInclude Include="..\Includes\Collider\RigidBodyCollider2.h">
      <Filter>Collider</Filter>
    </ClInclude>
    <ClInclude Include="..\Includes\Collider\RigidBodyCollider3.h">
      <Filter>Collider</Filter>
    </ClInclude>
    <ClInclude Include="..\Includes\Geometry\Cylinder3.h">
      <Filter>Geometry</Filter>
    </ClInclude>
    <ClInclude Include="..\Includes\Grid\Grid2.h">
      <Filter>Grid</Filter>
    </ClInclude>
    <ClInclude Include="..\Includes\Grid\Grid3.h">
      <Filter>Grid</Filter>
    </ClInclude>
    <ClInclude Include="..\Includes\Utils\Serial.h">
      <Filter>Utils</Filter>
    </ClInclude>
    <ClInclude Include="..\Includes\Utils\Serial-Impl.h">
      <Filter>Utils</Filter>
    </ClInclude>
    <ClInclude Include="..\Includes\Grid\ScalarGrid2.h">
      <Filter>Grid</Filter>
    </ClInclude>
    <ClInclude Include="..\Includes\Grid\ScalarGrid3.h">
      <Filter>Grid</Filter>
    </ClInclude>
    <ClInclude Include="..\Includes\Grid\VertexCenteredScalarGrid2.h">
      <Filter>Grid</Filter>
    </ClInclude>
    <ClInclude Include="..\Includes\Grid\VertexCenteredScalarGrid3.h">
      <Filter>Grid</Filter>
    </ClInclude>
    <ClInclude Include="..\Includes\MarchingCubes\MarchingCubes.h">
      <Filter>MarchingCubes</Filter>
    </ClInclude>
    <ClInclude Include="..\Includes\MarchingCubes\MarchingCubesTable.h">
      <Filter>MarchingCubes</Filter>
    </ClInclude>
    <ClInclude Include="..\Includes\MarchingCubes\MarchingSquaresTable.h">
      <Filter>MarchingCubes</Filter>
    </ClInclude>
    <ClInclude Include="..\Includes\LevelSet\LevelSetUtils.h">
      <Filter>LevelSet</Filter>
    </ClInclude>
    <ClInclude Include="..\Includes\LevelSet\LevelSetUtils-Impl.h">
      <Filter>LevelSet</Filter>
    </ClInclude>
    <ClInclude Include="..\Includes\Grid\VectorGrid2.h">
      <Filter>Grid</Filter>
    </ClInclude>
    <ClInclude Include="..\Includes\Grid\VectorGrid3.h">
      <Filter>Grid</Filter>
    </ClInclude>
    <ClInclude Include="..\Includes\Grid\CellCenteredScalarGrid2.h">
      <Filter>Grid</Filter>
    </ClInclude>
    <ClInclude Include="..\Includes\Grid\CellCenteredScalarGrid3.h">
      <Filter>Grid</Filter>
    </ClInclude>
    <ClInclude Include="..\Includes\Grid\CollocatedVectorGrid2.h">
      <Filter>Grid</Filter>
    </ClInclude>
    <ClInclude Include="..\Includes\Grid\CollocatedVectorGrid3.h">
      <Filter>Grid</Filter>
    </ClInclude>
    <ClInclude Include="..\Includes\Grid\CellCenteredVectorGrid3.h">
      <Filter>Grid</Filter>
    </ClInclude>
    <ClInclude Include="..\Includes\Grid\CellCenteredVectorGrid2.h">
      <Filter>Grid</Filter>
    </ClInclude>
    <ClInclude Include="..\Includes\Grid\FaceCenteredGrid2.h">
      <Filter>Grid</Filter>
    </ClInclude>
    <ClInclude Include="..\Includes\Grid\FaceCenteredGrid3.h">
      <Filter>Grid</Filter>
    </ClInclude>
    <ClInclude Include="..\Includes\Grid\VertexCenteredVectorGrid2.h">
      <Filter>Grid</Filter>
    </ClInclude>
    <ClInclude Include="..\Includes\Grid\VertexCenteredVectorGrid3.h">
      <Filter>Grid</Filter>
    </ClInclude>
    <ClInclude Include="..\Includes\Grid\GridSystemData2.h">
      <Filter>Grid</Filter>
    </ClInclude>
    <ClInclude Include="..\Includes\Grid\GridSystemData3.h">
      <Filter>Grid</Filter>
    </ClInclude>
    <ClInclude Include="..\Includes\Emitter\PointParticleEmitter2.h">
      <Filter>Emitter</Filter>
    </ClInclude>
    <ClInclude Include="..\Includes\Emitter\PointParticleEmitter3.h">
      <Filter>Emitter</Filter>
    </ClInclude>
    <ClInclude Include="..\Includes\Emitter\VolumeParticleEmitter2.h">
      <Filter>Emitter</Filter>
    </ClInclude>
    <ClInclude Include="..\Includes\Emitter\VolumeParticleEmitter3.h">
      <Filter>Emitter</Filter>
    </ClInclude>
    <ClInclude Include="..\Includes\Emitter\GridEmitter2.h">
      <Filter>Emitter</Filter>
    </ClInclude>
    <ClInclude Include="..\Includes\Emitter\GridEmitter3.h">
      <Filter>Emitter</Filter>
    </ClInclude>
    <ClInclude Include="..\Includes\Emitter\ParticleEmitter2.h">
      <Filter>Emitter</Filter>
    </ClInclude>
    <ClInclude Include="..\Includes\Emitter\ParticleEmitter3.h">
      <Filter>Emitter</Filter>
    </ClInclude>
    <ClInclude Include="..\Includes\Emitter\ParticleEmitterSet2.h">
      <Filter>Emitter</Filter>
    </ClInclude>
    <ClInclude Include="..\Includes\Emitter\ParticleEmitterSet3.h">
      <Filter>Emitter</Filter>
    </ClInclude>
    <ClInclude Include="..\Includes\Emitter\GridEmitterSet2.h">
      <Filter>Emitter</Filter>
    </ClInclude>
    <ClInclude Include="..\Includes\Emitter\GridEmitterSet3.h">
      <Filter>Emitter</Filter>
    </ClInclude>
    <ClInclude Include="..\Includes\Emitter\VolumeGridEmitter2.h">
      <Filter>Emitter</Filter>
    </ClInclude>
    <ClInclude Include="..\Includes\Emitter\VolumeGridEmitter3.h">
      <Filter>Emitter</Filter>
    </ClInclude>
    <ClInclude Include="..\Includes\PointGenerator\GridPointGenerator2.h">
      <Filter>PointGenerator</Filter>
    </ClInclude>
    <ClInclude Include="..\Includes\PointGenerator\GridPointGenerator3.h">
      <Filter>PointGenerator</Filter>
    </ClInclude>
    <ClInclude Include="..\Includes\SemiLagrangian\SemiLagrangian2.h">
      <Filter>SemiLagrangian</Filter>
    </ClInclude>
    <ClInclude Include="..\Includes\SemiLagrangian\SemiLagrangian3.h">
      <Filter>SemiLagrangian</Filter>
    </ClInclude>
    <ClInclude Include="..\Includes\SemiLagrangian\CubicSemiLagrangian2.h">
      <Filter>SemiLagrangian</Filter>
    </ClInclude>
    <ClInclude Include="..\Includes\SemiLagrangian\CubicSemiLagrangian3.h">
      <Filter>SemiLagrangian</Filter>
    </ClInclude>
    <ClInclude Include="..\Includes\Solver\Advection\AdvectionSolver3.h">
      <Filter>Solver\Advection</Filter>
    </ClInclude>
    <ClInclude Include="..\Includes\Solver\Advection\AdvectionSolver2.h">
      <Filter>Solver\Advection</Filter>
    </ClInclude>
    <ClInclude Include="..\Includes\Solver\Grid\GridBoundaryConditionSolver2.h">
      <Filter>Solver\Grid</Filter>
    </ClInclude>
    <ClInclude Include="..\Includes\Solver\Grid\GridBoundaryConditionSolver3.h">
      <Filter>Solver\Grid</Filter>
    </ClInclude>
    <ClInclude Include="..\Includes\Solver\Particle\ParticleSystemSolver3.h">
      <Filter>Solver\Particle</Filter>
    </ClInclude>
    <ClInclude Include="..\Includes\Solver\Particle\ParticleSystemSolver2.h">
      <Filter>Solver\Particle</Filter>
    </ClInclude>
    <ClInclude Include="..\Includes\Solver\PCISPH\PCISPHSolver3.h">
      <Filter>Solver\PCISPH</Filter>
    </ClInclude>
    <ClInclude Include="..\Includes\Solver\PCISPH\PCISPHSolver2.h">
      <Filter>Solver\PCISPH</Filter>
    </ClInclude>
    <ClInclude Include="..\Includes\Solver\SPH\SPHSolver2.h">
      <Filter>Solver\SPH</Filter>
    </ClInclude>
    <ClInclude Include="..\Includes\Solver\SPH\SPHSolver3.h">
      <Filter>Solver\SPH</Filter>
    </ClInclude>
    <ClInclude Include="..\Includes\Solver\Grid\GridFractionalBoundaryConditionSolver2.h">
      <Filter>Solver\Grid</Filter>
    </ClInclude>
    <ClInclude Include="..\Includes\Solver\Grid\GridFractionalBoundaryConditionSolver3.h">
      <Filter>Solver\Grid</Filter>
    </ClInclude>
    <ClInclude Include="..\Includes\Solver\Grid\GridBlockedBoundaryConditionSolver2.h">
      <Filter>Solver\Grid</Filter>
    </ClInclude>
    <ClInclude Include="..\Includes\Solver\Grid\GridBlockedBoundaryConditionSolver3.h">
      <Filter>Solver\Grid</Filter>
    </ClInclude>
    <ClInclude Include="..\Includes\Solver\Grid\GridDiffusionSolver2.h">
      <Filter>Solver\Grid</Filter>
    </ClInclude>
    <ClInclude Include="..\Includes\Solver\Grid\GridDiffusionSolver3.h">
      <Filter>Solver\Grid</Filter>
    </ClInclude>
    <ClInclude Include="..\Includes\Solver\Grid\GridPressureSolver2.h">
      <Filter>Solver\Grid</Filter>
    </ClInclude>
    <ClInclude Include="..\Includes\Solver\Grid\GridPressureSolver3.h">
      <Filter>Solver\Grid</Filter>
    </ClInclude>
    <ClInclude Include="..\Includes\Solver\Grid\GridForwardEulerDiffusionSolver2.h">
      <Filter>Solver\Grid</Filter>
    </ClInclude>
    <ClInclude Include="..\Includes\Solver\Grid\GridForwardEulerDiffusionSolver3.h">
      <Filter>Solver\Grid</Filter>
    </ClInclude>
    <ClInclude Include="..\Includes\Solver\Grid\GridBackwardEulerDiffusionSolver2.h">
      <Filter>Solver\Grid</Filter>
    </ClInclude>
    <ClInclude Include="..\Includes\Solver\Grid\GridBackwardEulerDiffusionSolver3.h">
      <Filter>Solver\Grid</Filter>
    </ClInclude>
    <ClInclude Include="..\Includes\FDM\FDMUtils.h">
      <Filter>FDM</Filter>
    </ClInclude>
    <ClInclude Include="..\Includes\FDM\FDMLinearSystem2.h">
      <Filter>FDM</Filter>
    </ClInclude>
    <ClInclude Include="..\Includes\FDM\FDMLinearSystem3.h">
      <Filter>FDM</Filter>
    </ClInclude>
    <ClInclude Include="..\Includes\Solver\FDM\FDMLinearSystemSolver2.h">
      <Filter>Solver\FDM</Filter>
    </ClInclude>
    <ClInclude Include="..\Includes\Solver\FDM\FDMLinearSystemSolver3.h">
      <Filter>Solver\FDM</Filter>
    </ClInclude>
    <ClInclude Include="..\Includes\Solver\FDM\FDMICCGSolver2.h">
      <Filter>Solver\FDM</Filter>
    </ClInclude>
    <ClInclude Include="..\Includes\Solver\FDM\FDMICCGSolver3.h">
      <Filter>Solver\FDM</Filter>
    </ClInclude>
    <ClInclude Include="..\Includes\Math\BLAS.h">
      <Filter>Math</Filter>
    </ClInclude>
    <ClInclude Include="..\Includes\Math\BLAS-Impl.h">
      <Filter>Math</Filter>
    </ClInclude>
    <ClInclude Include="..\Includes\Math\CG.h">
      <Filter>Math</Filter>
    </ClInclude>
    <ClInclude Include="..\Includes\Math\CG-Impl.h">
      <Filter>Math</Filter>
    </ClInclude>
    <ClInclude Include="..\Includes\Solver\Grid\GridSinglePhasePressureSolver2.h">
      <Filter>Solver\Grid</Filter>
    </ClInclude>
    <ClInclude Include="..\Includes\Solver\Grid\GridSinglePhasePressureSolver3.h">
      <Filter>Solver\Grid</Filter>
    </ClInclude>
    <ClInclude Include="..\Includes\Solver\Grid\GridFractionalSinglePhasePressureSolver2.h">
      <Filter>Solver\Grid</Filter>
    </ClInclude>
    <ClInclude Include="..\Includes\Solver\Grid\GridFractionalSinglePhasePressureSolver3.h">
      <Filter>Solver\Grid</Filter>
    </ClInclude>
    <ClInclude Include="..\Includes\Solver\Grid\GridFluidSolver3.h">
      <Filter>Solver\Grid</Filter>
    </ClInclude>
    <ClInclude Include="..\Includes\Solver\FDM\FDMCGSolver2.h">
      <Filter>Solver\FDM</Filter>
    </ClInclude>
    <ClInclude Include="..\Includes\Solver\FDM\FDMCGSolver3.h">
      <Filter>Solver\FDM</Filter>
    </ClInclude>
    <ClInclude Include="..\Includes\Solver\FDM\FDMJacobiSolver2.h">
      <Filter>Solver\FDM</Filter>
    </ClInclude>
    <ClInclude Include="..\Includes\Solver\FDM\FDMJacobiSolver3.h">
      <Filter>Solver\FDM</Filter>
    </ClInclude>
    <ClInclude Include="..\Includes\Solver\FDM\FDMGaussSeidelSolver2.h">
      <Filter>Solver\FDM</Filter>
    </ClInclude>
    <ClInclude Include="..\Includes\Solver\FDM\FDMGaussSeidelSolver3.h">
      <Filter>Solver\FDM</Filter>
    </ClInclude>
    <ClInclude Include="..\Includes\Solver\Smoke\GridSmokeSolver2.h">
      <Filter>Solver\Smoke</Filter>
    </ClInclude>
    <ClInclude Include="..\Includes\Solver\Smoke\GridSmokeSolver3.h">
      <Filter>Solver\Smoke</Filter>
    </ClInclude>
    <ClInclude Include="..\Includes\Solver\Grid\GridFluidSolver2.h">
      <Filter>Solver\Grid</Filter>
    </ClInclude>
    <ClInclude Include="..\Includes\Geometry\TriangleMeshToSDF.h">
      <Filter>Geometry</Filter>
    </ClInclude>
    <ClInclude Include="..\Includes\Solver\LevelSet\LevelSetSolver2.h">
      <Filter>Solver\LevelSet</Filter>
    </ClInclude>
    <ClInclude Include="..\Includes\Solver\LevelSet\LevelSetSolver3.h">
      <Filter>Solver\LevelSet</Filter>
    </ClInclude>
    <ClInclude Include="..\Includes\Solver\LevelSet\LevelSetLiquidSolver2.h">
      <Filter>Solver\LevelSet</Filter>
    </ClInclude>
    <ClInclude Include="..\Includes\Solver\LevelSet\IterativeLevelSetSolver2.h">
      <Filter>Solver\LevelSet</Filter>
    </ClInclude>
    <ClInclude Include="..\Includes\Solver\LevelSet\IterativeLevelSetSolver3.h">
      <Filter>Solver\LevelSet</Filter>
    </ClInclude>
    <ClInclude Include="..\Includes\Solver\LevelSet\ENOLevelSetSolver2.h">
      <Filter>Solver\LevelSet</Filter>
    </ClInclude>
    <ClInclude Include="..\Includes\Solver\LevelSet\ENOLevelSetSolver3.h">
      <Filter>Solver\LevelSet</Filter>
    </ClInclude>
    <ClInclude Include="..\Includes\Math\PDE.h">
      <Filter>Math</Filter>
    </ClInclude>
    <ClInclude Include="..\Includes\Math\PDE-Impl.h">
      <Filter>Math</Filter>
    </ClInclude>
    <ClInclude Include="..\Includes\Solver\LevelSet\FMMLevelSetSolver2.h">
      <Filter>Solver\LevelSet</Filter>
    </ClInclude>
    <ClInclude Include="..\Includes\Solver\LevelSet\FMMLevelSetSolver3.h">
      <Filter>Solver\LevelSet</Filter>
    </ClInclude>
    <ClInclude Include="..\Includes\Solver\LevelSet\UpwindLevelSetSolver2.h">
      <Filter>Solver\LevelSet</Filter>
    </ClInclude>
    <ClInclude Include="..\Includes\Solver\LevelSet\UpwindLevelSetSolver3.h">
      <Filter>Solver\LevelSet</Filter>
    </ClInclude>
    <ClInclude Include="..\Includes\Solver\LevelSet\LevelSetLiquidSolver3.h">
      <Filter>Solver\LevelSet</Filter>
    </ClInclude>
    <ClInclude Include="..\Includes\Surface\Implicit\CustomImplicitSurface2.h">
      <Filter>Surface\Implicit</Filter>
    </ClInclude>
    <ClInclude Include="..\Includes\Surface\Implicit\CustomImplicitSurface3.h">
      <Filter>Surface\Implicit</Filter>
    </ClInclude>
    <ClInclude Include="..\Includes\Solver\PIC\PICSolver2.h">
      <Filter>Solver\PIC</Filter>
    </ClInclude>
    <ClInclude Include="..\Includes\Solver\PIC\PICSolver3.h">
      <Filter>Solver\PIC</Filter>
    </ClInclude>
    <ClInclude Include="..\Includes\Solver\FLIP\FLIPSolver2.h">
      <Filter>Solver\FLIP</Filter>
    </ClInclude>
    <ClInclude Include="..\Includes\Solver\FLIP\FLIPSolver3.h">
      <Filter>Solver\FLIP</Filter>
    </ClInclude>
    <ClInclude Include="..\Includes\Geometry\ImplicitTriangleMesh3.h">
      <Filter>Geometry</Filter>
    </ClInclude>
    <ClInclude Include="..\Includes\Utils\CppUtils.h">
      <Filter>Utils</Filter>
    </ClInclude>
    <ClInclude Include="..\Includes\Utils\CppUtils-Impl.h">
      <Filter>Utils</Filter>
    </ClInclude>
    <ClInclude Include="..\Includes\Utils\Functors.h">
      <Filter>Utils</Filter>
    </ClInclude>
    <ClInclude Include="..\Includes\Utils\Functors-Impl.h">
      <Filter>Utils</Filter>
    </ClInclude>
    <ClInclude Include="..\Includes\Vector\VectorExpression.h">
      <Filter>Vector</Filter>
    </ClInclude>
    <ClInclude Include="..\Includes\Vector\VectorExpression-Impl.h">
      <Filter>Vector</Filter>
    </ClInclude>
    <ClInclude Include="..\Includes\Matrix\MatrixExpression.h">
      <Filter>Matrix</Filter>
    </ClInclude>
    <ClInclude Include="..\Includes\Matrix\MatrixExpression-Impl.h">
      <Filter>Matrix</Filter>
    </ClInclude>
    <ClInclude Include="..\Includes\Matrix\MatrixCSR.h">
      <Filter>Matrix</Filter>
    </ClInclude>
    <ClInclude Include="..\Includes\Matrix\MatrixCSR-Impl.h">
      <Filter>Matrix</Filter>
    </ClInclude>
    <ClInclude Include="..\Includes\Matrix\MatrixMxN.h">
      <Filter>Matrix</Filter>
    </ClInclude>
    <ClInclude Include="..\Includes\Matrix\MatrixMxN-Impl.h">
      <Filter>Matrix</Filter>
    </ClInclude>
    <ClInclude Include="..\Includes\Vector\VectorN.h">
      <Filter>Vector</Filter>
    </ClInclude>
    <ClInclude Include="..\Includes\Vector\VectorN-Impl.h">
      <Filter>Vector</Filter>
    </ClInclude>
    <ClInclude Include="..\Includes\Solver\APIC\APICSolver2.h">
      <Filter>Solver\APIC</Filter>
    </ClInclude>
    <ClInclude Include="..\Includes\Solver\APIC\APICSolver3.h">
      <Filter>Solver\APIC</Filter>
    </ClInclude>
    <ClInclude Include="..\Includes\QueryEngine\NearestNeighborQueryEngine2.h">
      <Filter>QueryEngine</Filter>
    </ClInclude>
    <ClInclude Include="..\Includes\QueryEngine\NearestNeighborQueryEngine3.h">
      <Filter>QueryEngine</Filter>
    </ClInclude>
    <ClInclude Include="..\Includes\QueryEngine\IntersectionQueryEngine2.h">
      <Filter>QueryEngine</Filter>
    </ClInclude>
    <ClInclude Include="..\Includes\QueryEngine\IntersectionQueryEngine3.h">
      <Filter>QueryEngine</Filter>
    </ClInclude>
    <ClInclude Include="..\Includes\QueryEngine\ListQueryEngine2.h">
      <Filter>QueryEngine</Filter>
    </ClInclude>
    <ClInclude Include="..\Includes\QueryEngine\ListQueryEngine2-Impl.h">
      <Filter>QueryEngine</Filter>
    </ClInclude>
    <ClInclude Include="..\Includes\QueryEngine\ListQueryEngine3.h">
      <Filter>QueryEngine</Filter>
    </ClInclude>
    <ClInclude Include="..\Includes\QueryEngine\ListQueryEngine3-Impl.h">
      <Filter>QueryEngine</Filter>
    </ClInclude>
    <ClInclude Include="..\Includes\Geometry\Octree.h">
      <Filter>Geometry</Filter>
    </ClInclude>
    <ClInclude Include="..\Includes\Geometry\Octree-Impl.h">
      <Filter>Geometry</Filter>
    </ClInclude>
    <ClInclude Include="..\Includes\Geometry\Quadtree.h">
      <Filter>Geometry</Filter>
    </ClInclude>
    <ClInclude Include="..\Includes\Geometry\Quadtree-Impl.h">
      <Filter>Geometry</Filter>
    </ClInclude>
    <ClInclude Include="..\Includes\Geometry\BVH3.h">
      <Filter>Geometry</Filter>
    </ClInclude>
    <ClInclude Include="..\Includes\Geometry\BVH3-Impl.h">
      <Filter>Geometry</Filter>
    </ClInclude>
    <ClInclude Include="..\Includes\Geometry\BVH2.h">
      <Filter>Geometry</Filter>
    </ClInclude>
    <ClInclude Include="..\Includes\Geometry\BVH2-Impl.h">
      <Filter>Geometry</Filter>
    </ClInclude>
    <ClInclude Include="..\Includes\Utils\MG.h">
      <Filter>Utils</Filter>
    </ClInclude>
    <ClInclude Include="..\Includes\Utils\MG-Impl.h">
      <Filter>Utils</Filter>
    </ClInclude>
    <ClInclude Include="..\Includes\FDM\FDMMGLinearSystem2.h">
      <Filter>FDM</Filter>
    </ClInclude>
    <ClInclude Include="..\Includes\FDM\FDMMGLinearSystem2-Impl.h">
      <Filter>FDM</Filter>
    </ClInclude>
    <ClInclude Include="..\Includes\FDM\FDMMGLinearSystem3.h">
      <Filter>FDM</Filter>
    </ClInclude>
    <ClInclude Include="..\Includes\FDM\FDMMGLinearSystem3-Impl.h">
      <Filter>FDM</Filter>
    </ClInclude>
    <ClInclude Include="..\Includes\Solver\FDM\FDMMGSolver2.h">
      <Filter>Solver\FDM</Filter>
    </ClInclude>
    <ClInclude Include="..\Includes\Solver\FDM\FDMMGSolver3.h">
      <Filter>Solver\FDM</Filter>
    </ClInclude>
    <ClInclude Include="..\Includes\Solver\FDM\FDMMGPCGSolver2.h">
      <Filter>Solver\FDM</Filter>
    </ClInclude>
    <ClInclude Include="..\Includes\Solver\FDM\FDMMGPCGSolver3.h">
      <Filter>Solver\FDM</Filter>
    </ClInclude>
    <ClInclude Include="..\Includes\Point\Implicit\PointsToImplicit2.h">
      <Filter>Point\Implicit</Filter>
    </ClInclude>
    <ClInclude Include="..\Includes\Point\Implicit\PointsToImplicit3.h">
      <Filter>Point\Implicit</Filter>
    </ClInclude>
    <ClInclude Include="..\Includes\Point\Implicit\SphericalPointsToImplicit2.h">
      <Filter>Point\Implicit</Filter>
    </ClInclude>
    <ClInclude Include="..\Includes\Point\Implicit\SphericalPointsToImplicit3.h">
      <Filter>Point\Implicit</Filter>
    </ClInclude>
    <ClInclude Include="..\Includes\Point\Implicit\SPHPointsToImplicit2.h">
      <Filter>Point\Implicit</Filter>
    </ClInclude>
    <ClInclude Include="..\Includes\Point\Implicit\SPHPointsToImplicit3.h">
      <Filter>Point\Implicit</Filter>
    </ClInclude>
    <ClInclude Include="..\Includes\Point\Implicit\ZhuBridsonPointsToImplicit2.h">
      <Filter>Point\Implicit</Filter>
    </ClInclude>
    <ClInclude Include="..\Includes\Point\Implicit\ZhuBridsonPointsToImplicit3.h">
      <Filter>Point\Implicit</Filter>
    </ClInclude>
  </ItemGroup>
  <ItemGroup>
    <ClCompile Include="..\Sources\Field\CustomScalarField2.cpp">
      <Filter>Field</Filter>
    </ClCompile>
    <ClCompile Include="..\Sources\Field\Field2.cpp">
      <Filter>Field</Filter>
    </ClCompile>
    <ClCompile Include="..\Sources\Field\Field3.cpp">
      <Filter>Field</Filter>
    </ClCompile>
    <ClCompile Include="..\Sources\Field\ScalarField2.cpp">
      <Filter>Field</Filter>
    </ClCompile>
    <ClCompile Include="..\Sources\Field\ScalarField3.cpp">
      <Filter>Field</Filter>
    </ClCompile>
    <ClCompile Include="..\Sources\Field\VectorField2.cpp">
      <Filter>Field</Filter>
    </ClCompile>
    <ClCompile Include="..\Sources\Field\VectorField3.cpp">
      <Filter>Field</Filter>
    </ClCompile>
    <ClCompile Include="..\Sources\Field\CustomScalarField3.cpp">
      <Filter>Field</Filter>
    </ClCompile>
    <ClCompile Include="..\Sources\Field\CustomVectorField2.cpp">
      <Filter>Field</Filter>
    </ClCompile>
    <ClCompile Include="..\Sources\Field\CustomVectorField3.cpp">
      <Filter>Field</Filter>
    </ClCompile>
    <ClCompile Include="..\Sources\Field\ConstantScalarField2.cpp">
      <Filter>Field</Filter>
    </ClCompile>
    <ClCompile Include="..\Sources\Field\ConstantScalarField3.cpp">
      <Filter>Field</Filter>
    </ClCompile>
    <ClCompile Include="..\Sources\Field\ConstantVectorField2.cpp">
      <Filter>Field</Filter>
    </ClCompile>
    <ClCompile Include="..\Sources\Field\ConstantVectorField3.cpp">
      <Filter>Field</Filter>
    </ClCompile>
    <ClCompile Include="..\Sources\Transform\Transform2.cpp">
      <Filter>Transform</Filter>
    </ClCompile>
    <ClCompile Include="..\Sources\Transform\Transform3.cpp">
      <Filter>Transform</Filter>
    </ClCompile>
    <ClCompile Include="..\Sources\Geometry\Sphere2.cpp">
      <Filter>Geometry</Filter>
    </ClCompile>
    <ClCompile Include="..\Sources\Geometry\Sphere3.cpp">
      <Filter>Geometry</Filter>
    </ClCompile>
    <ClCompile Include="..\Sources\Geometry\Triangle3.cpp">
      <Filter>Geometry</Filter>
    </ClCompile>
    <ClCompile Include="..\Sources\Geometry\TriangleMesh3.cpp">
      <Filter>Geometry</Filter>
    </ClCompile>
    <ClCompile Include="..\Sources\Surface\Surface2.cpp">
      <Filter>Surface</Filter>
    </ClCompile>
    <ClCompile Include="..\Sources\Surface\Surface3.cpp">
      <Filter>Surface</Filter>
    </ClCompile>
    <ClCompile Include="..\Sources\Surface\SurfaceSet2.cpp">
      <Filter>Surface</Filter>
    </ClCompile>
    <ClCompile Include="..\Sources\Surface\SurfaceSet3.cpp">
      <Filter>Surface</Filter>
    </ClCompile>
    <ClCompile Include="..\Sources\Surface\Implicit\ImplicitSurface2.cpp">
      <Filter>Surface\Implicit</Filter>
    </ClCompile>
    <ClCompile Include="..\Sources\Surface\Implicit\ImplicitSurfaceSet2.cpp">
      <Filter>Surface\Implicit</Filter>
    </ClCompile>
    <ClCompile Include="..\Sources\Surface\Implicit\SurfaceToImplicit2.cpp">
      <Filter>Surface\Implicit</Filter>
    </ClCompile>
    <ClCompile Include="..\Sources\Surface\Implicit\ImplicitSurface3.cpp">
      <Filter>Surface\Implicit</Filter>
    </ClCompile>
    <ClCompile Include="..\Sources\Surface\Implicit\SurfaceToImplicit3.cpp">
      <Filter>Surface\Implicit</Filter>
    </ClCompile>
    <ClCompile Include="..\Sources\Animation\Frame.cpp">
      <Filter>Animation</Filter>
    </ClCompile>
    <ClCompile Include="..\Sources\Animation\Animation.cpp">
      <Filter>Animation</Filter>
    </ClCompile>
    <ClCompile Include="..\Sources\Surface\Implicit\ImplicitSurfaceSet3.cpp">
      <Filter>Surface\Implicit</Filter>
    </ClCompile>
    <ClCompile Include="..\Sources\Utils\Timer.cpp">
      <Filter>Utils</Filter>
    </ClCompile>
    <ClCompile Include="..\Sources\Animation\PhysicsAnimation.cpp">
      <Filter>Animation</Filter>
    </ClCompile>
    <ClCompile Include="..\Sources\Utils\Logger.cpp">
      <Filter>Utils</Filter>
    </ClCompile>
    <ClCompile Include="Particle\ParticleSystemData2.cpp">
      <Filter>Particle</Filter>
    </ClCompile>
    <ClCompile Include="Searcher\PointNeighborSearcher2.cpp">
      <Filter>Searcher</Filter>
    </ClCompile>
    <ClCompile Include="Utils\Factory.cpp">
      <Filter>Utils</Filter>
    </ClCompile>
    <ClCompile Include="Searcher\PointNeighborSearcher3.cpp">
      <Filter>Searcher</Filter>
    </ClCompile>
    <ClCompile Include="Searcher\PointParallelHashGridSearcher3.cpp">
      <Filter>Searcher</Filter>
    </ClCompile>
    <ClCompile Include="Particle\ParticleSystemData3.cpp">
      <Filter>Particle</Filter>
    </ClCompile>
    <ClCompile Include="Collider\Collider2.cpp">
      <Filter>Collider</Filter>
    </ClCompile>
    <ClCompile Include="Collider\ColliderSet2.cpp">
      <Filter>Collider</Filter>
    </ClCompile>
    <ClCompile Include="Collider\Collider3.cpp">
      <Filter>Collider</Filter>
    </ClCompile>
    <ClCompile Include="Collider\ColliderSet3.cpp">
      <Filter>Collider</Filter>
    </ClCompile>
    <ClCompile Include="Searcher\PointHashGridSearcher2.cpp">
      <Filter>Searcher</Filter>
    </ClCompile>
    <ClCompile Include="Searcher\PointHashGridSearcher3.cpp">
      <Filter>Searcher</Filter>
    </ClCompile>
    <ClCompile Include="Searcher\PointParallelHashGridSearcher2.cpp">
      <Filter>Searcher</Filter>
    </ClCompile>
    <ClCompile Include="Searcher\PointSimpleListSearcher2.cpp">
      <Filter>Searcher</Filter>
    </ClCompile>
    <ClCompile Include="Searcher\PointSimpleListSearcher3.cpp">
      <Filter>Searcher</Filter>
    </ClCompile>
    <ClCompile Include="Utils\Serialization.cpp">
      <Filter>Utils</Filter>
    </ClCompile>
    <ClCompile Include="SPH\SPHStdKernel2.cpp">
      <Filter>SPH</Filter>
    </ClCompile>
    <ClCompile Include="SPH\SPHSystemData2.cpp">
      <Filter>SPH</Filter>
    </ClCompile>
    <ClCompile Include="PointGenerator\PointGenerator2.cpp">
      <Filter>PointGenerator</Filter>
    </ClCompile>
    <ClCompile Include="PointGenerator\PointGenerator3.cpp">
      <Filter>PointGenerator</Filter>
    </ClCompile>
    <ClCompile Include="PointGenerator\TrianglePointGenerator.cpp">
      <Filter>PointGenerator</Filter>
    </ClCompile>
    <ClCompile Include="SPH\SPHSystemData3.cpp">
      <Filter>SPH</Filter>
    </ClCompile>
    <ClCompile Include="SPH\SPHStdKernel3.cpp">
      <Filter>SPH</Filter>
    </ClCompile>
    <ClCompile Include="PointGenerator\BccLatticePointGenerator.cpp">
      <Filter>PointGenerator</Filter>
    </ClCompile>
    <ClCompile Include="Geometry\Plane2.cpp">
      <Filter>Geometry</Filter>
    </ClCompile>
    <ClCompile Include="Geometry\Plane3.cpp">
      <Filter>Geometry</Filter>
    </ClCompile>
    <ClCompile Include="Collider\RigidBodyCollider2.cpp">
      <Filter>Collider</Filter>
    </ClCompile>
    <ClCompile Include="Collider\RigidBodyCollider3.cpp">
      <Filter>Collider</Filter>
    </ClCompile>
    <ClCompile Include="Geometry\Box2.cpp">
      <Filter>Geometry</Filter>
    </ClCompile>
    <ClCompile Include="Geometry\Box3.cpp">
      <Filter>Geometry</Filter>
    </ClCompile>
    <ClCompile Include="Geometry\Cylinder3.cpp">
      <Filter>Geometry</Filter>
    </ClCompile>
    <ClCompile Include="Grid\Grid2.cpp">
      <Filter>Grid</Filter>
    </ClCompile>
    <ClCompile Include="Grid\Grid3.cpp">
      <Filter>Grid</Filter>
    </ClCompile>
    <ClCompile Include="Grid\ScalarGrid2.cpp">
      <Filter>Grid</Filter>
    </ClCompile>
    <ClCompile Include="Grid\ScalarGrid3.cpp">
      <Filter>Grid</Filter>
    </ClCompile>
    <ClCompile Include="Grid\VertexCenteredScalarGrid2.cpp">
      <Filter>Grid</Filter>
    </ClCompile>
    <ClCompile Include="Grid\VertexCenteredScalarGrid3.cpp">
      <Filter>Grid</Filter>
    </ClCompile>
    <ClCompile Include="MarchingCubes\MarchingCubes.cpp">
      <Filter>MarchingCubes</Filter>
    </ClCompile>
    <ClCompile Include="Grid\VectorGrid2.cpp">
      <Filter>Grid</Filter>
    </ClCompile>
    <ClCompile Include="Grid\VectorGrid3.cpp">
      <Filter>Grid</Filter>
    </ClCompile>
    <ClCompile Include="Grid\CellCenteredScalarGrid2.cpp">
      <Filter>Grid</Filter>
    </ClCompile>
    <ClCompile Include="Grid\CellCenteredScalarGrid3.cpp">
      <Filter>Grid</Filter>
    </ClCompile>
    <ClCompile Include="Grid\CollocatedVectorGrid2.cpp">
      <Filter>Grid</Filter>
    </ClCompile>
    <ClCompile Include="Grid\CollocatedVectorGrid3.cpp">
      <Filter>Grid</Filter>
    </ClCompile>
    <ClCompile Include="Grid\CellCenteredVectorGrid2.cpp">
      <Filter>Grid</Filter>
    </ClCompile>
    <ClCompile Include="Grid\CellCenteredVectorGrid3.cpp">
      <Filter>Grid</Filter>
    </ClCompile>
    <ClCompile Include="Grid\FaceCenteredGrid2.cpp">
      <Filter>Grid</Filter>
    </ClCompile>
    <ClCompile Include="Grid\FaceCenteredGrid3.cpp">
      <Filter>Grid</Filter>
    </ClCompile>
    <ClCompile Include="Grid\VertexCenteredVectorGrid2.cpp">
      <Filter>Grid</Filter>
    </ClCompile>
    <ClCompile Include="Grid\VertexCenteredVectorGrid3.cpp">
      <Filter>Grid</Filter>
    </ClCompile>
    <ClCompile Include="Grid\GridSystemData2.cpp">
      <Filter>Grid</Filter>
    </ClCompile>
    <ClCompile Include="Grid\GridSystemData3.cpp">
      <Filter>Grid</Filter>
    </ClCompile>
    <ClCompile Include="Emitter\ParticleEmitter3.cpp">
      <Filter>Emitter</Filter>
    </ClCompile>
    <ClCompile Include="Emitter\ParticleEmitterSet2.cpp">
      <Filter>Emitter</Filter>
    </ClCompile>
    <ClCompile Include="Emitter\ParticleEmitterSet3.cpp">
      <Filter>Emitter</Filter>
    </ClCompile>
    <ClCompile Include="Emitter\PointParticleEmitter2.cpp">
      <Filter>Emitter</Filter>
    </ClCompile>
    <ClCompile Include="Emitter\PointParticleEmitter3.cpp">
      <Filter>Emitter</Filter>
    </ClCompile>
    <ClCompile Include="Emitter\VolumeParticleEmitter2.cpp">
      <Filter>Emitter</Filter>
    </ClCompile>
    <ClCompile Include="Emitter\VolumeParticleEmitter3.cpp">
      <Filter>Emitter</Filter>
    </ClCompile>
    <ClCompile Include="Emitter\GridEmitter2.cpp">
      <Filter>Emitter</Filter>
    </ClCompile>
    <ClCompile Include="Emitter\GridEmitter3.cpp">
      <Filter>Emitter</Filter>
    </ClCompile>
    <ClCompile Include="Emitter\ParticleEmitter2.cpp">
      <Filter>Emitter</Filter>
    </ClCompile>
    <ClCompile Include="Emitter\GridEmitterSet2.cpp">
      <Filter>Emitter</Filter>
    </ClCompile>
    <ClCompile Include="Emitter\GridEmitterSet3.cpp">
      <Filter>Emitter</Filter>
    </ClCompile>
    <ClCompile Include="Emitter\VolumeGridEmitter2.cpp">
      <Filter>Emitter</Filter>
    </ClCompile>
    <ClCompile Include="Emitter\VolumeGridEmitter3.cpp">
      <Filter>Emitter</Filter>
    </ClCompile>
    <ClCompile Include="PointGenerator\GridPointGenerator2.cpp">
      <Filter>PointGenerator</Filter>
    </ClCompile>
    <ClCompile Include="PointGenerator\GridPointGenerator3.cpp">
      <Filter>PointGenerator</Filter>
    </ClCompile>
    <ClCompile Include="SemiLagrangian\SemiLagrangian2.cpp">
      <Filter>SemiLagrangian</Filter>
    </ClCompile>
    <ClCompile Include="SemiLagrangian\SemiLagrangian3.cpp">
      <Filter>SemiLagrangian</Filter>
    </ClCompile>
    <ClCompile Include="SemiLagrangian\CubicSemiLagrangian2.cpp">
      <Filter>SemiLagrangian</Filter>
    </ClCompile>
    <ClCompile Include="SemiLagrangian\CubicSemiLagrangian3.cpp">
      <Filter>SemiLagrangian</Filter>
    </ClCompile>
    <ClCompile Include="Solver\Advection\AdvectionSolver3.cpp">
      <Filter>Solver\Advection</Filter>
    </ClCompile>
    <ClCompile Include="Solver\Advection\AdvectionSolver2.cpp">
      <Filter>Solver\Advection</Filter>
    </ClCompile>
    <ClCompile Include="Solver\Particle\ParticleSystemSolver3.cpp">
      <Filter>Solver\Particle</Filter>
    </ClCompile>
    <ClCompile Include="Solver\Particle\ParticleSystemSolver2.cpp">
      <Filter>Solver\Particle</Filter>
    </ClCompile>
    <ClCompile Include="Solver\PCISPH\PCISPHSolver3.cpp">
      <Filter>Solver\PCISPH</Filter>
    </ClCompile>
    <ClCompile Include="Solver\PCISPH\PCISPHSolver2.cpp">
      <Filter>Solver\PCISPH</Filter>
    </ClCompile>
    <ClCompile Include="Solver\SPH\SPHSolver3.cpp">
      <Filter>Solver\SPH</Filter>
    </ClCompile>
    <ClCompile Include="Solver\SPH\SPHSolver2.cpp">
      <Filter>Solver\SPH</Filter>
    </ClCompile>
    <ClCompile Include="Solver\Grid\GridBoundaryConditionSolver2.cpp">
      <Filter>Solver\Grid</Filter>
    </ClCompile>
    <ClCompile Include="Solver\Grid\GridBoundaryConditionSolver3.cpp">
      <Filter>Solver\Grid</Filter>
    </ClCompile>
    <ClCompile Include="Solver\Grid\GridFractionalBoundaryConditionSolver2.cpp">
      <Filter>Solver\Grid</Filter>
    </ClCompile>
    <ClCompile Include="Solver\Grid\GridFractionalBoundaryConditionSolver3.cpp">
      <Filter>Solver\Grid</Filter>
    </ClCompile>
    <ClCompile Include="Solver\Grid\GridBlockedBoundaryConditionSolver2.cpp">
      <Filter>Solver\Grid</Filter>
    </ClCompile>
    <ClCompile Include="Solver\Grid\GridBlockedBoundaryConditionSolver3.cpp">
      <Filter>Solver\Grid</Filter>
    </ClCompile>
    <ClCompile Include="Solver\Grid\GridDiffusionSolver2.cpp">
      <Filter>Solver\Grid</Filter>
    </ClCompile>
    <ClCompile Include="Solver\Grid\GridDiffusionSolver3.cpp">
      <Filter>Solver\Grid</Filter>
    </ClCompile>
    <ClCompile Include="Solver\Grid\GridPressureSolver2.cpp">
      <Filter>Solver\Grid</Filter>
    </ClCompile>
    <ClCompile Include="Solver\Grid\GridPressureSolver3.cpp">
      <Filter>Solver\Grid</Filter>
    </ClCompile>
    <ClCompile Include="FDM\FDMUtils.cpp">
      <Filter>FDM</Filter>
    </ClCompile>
    <ClCompile Include="Solver\Grid\GridFluidSolver2.cpp">
      <Filter>Solver\Grid</Filter>
    </ClCompile>
    <ClCompile Include="FDM\FDMLinearSystem2.cpp">
      <Filter>FDM</Filter>
    </ClCompile>
    <ClCompile Include="FDM\FDMLinearSystem3.cpp">
      <Filter>FDM</Filter>
    </ClCompile>
    <ClCompile Include="Solver\Grid\GridForwardEulerDiffusionSolver2.cpp">
      <Filter>Solver\Grid</Filter>
    </ClCompile>
    <ClCompile Include="Solver\Grid\GridForwardEulerDiffusionSolver3.cpp">
      <Filter>Solver\Grid</Filter>
    </ClCompile>
    <ClCompile Include="Solver\FDM\FDMICCGSolver2.cpp">
      <Filter>Solver\FDM</Filter>
    </ClCompile>
    <ClCompile Include="Solver\FDM\FDMICCGSolver3.cpp">
      <Filter>Solver\FDM</Filter>
    </ClCompile>
    <ClCompile Include="Solver\Grid\GridBackwardEulerDiffusionSolver2.cpp">
      <Filter>Solver\Grid</Filter>
    </ClCompile>
    <ClCompile Include="Solver\Grid\GridBackwardEulerDiffusionSolver3.cpp">
      <Filter>Solver\Grid</Filter>
    </ClCompile>
    <ClCompile Include="Solver\Grid\GridSinglePhasePressureSolver2.cpp">
      <Filter>Solver\Grid</Filter>
    </ClCompile>
    <ClCompile Include="Solver\Grid\GridSinglePhasePressureSolver3.cpp">
      <Filter>Solver\Grid</Filter>
    </ClCompile>
    <ClCompile Include="Solver\Grid\GridFractionalSinglePhasePressureSolver2.cpp">
      <Filter>Solver\Grid</Filter>
    </ClCompile>
    <ClCompile Include="Solver\Grid\GridFractionalSinglePhasePressureSolver3.cpp">
      <Filter>Solver\Grid</Filter>
    </ClCompile>
    <ClCompile Include="Solver\Grid\GridFluidSolver3.cpp">
      <Filter>Solver\Grid</Filter>
    </ClCompile>
    <ClCompile Include="Solver\FDM\FDMCGSolver2.cpp">
      <Filter>Solver\FDM</Filter>
    </ClCompile>
    <ClCompile Include="Solver\FDM\FDMCGSolver3.cpp">
      <Filter>Solver\FDM</Filter>
    </ClCompile>
    <ClCompile Include="Solver\FDM\FDMJacobiSolver2.cpp">
      <Filter>Solver\FDM</Filter>
    </ClCompile>
    <ClCompile Include="Solver\FDM\FDMJacobiSolver3.cpp">
      <Filter>Solver\FDM</Filter>
    </ClCompile>
    <ClCompile Include="Solver\FDM\FDMGaussSeidelSolver2.cpp">
      <Filter>Solver\FDM</Filter>
    </ClCompile>
    <ClCompile Include="Solver\FDM\FDMGaussSeidelSolver3.cpp">
      <Filter>Solver\FDM</Filter>
    </ClCompile>
    <ClCompile Include="Solver\Smoke\GridSmokeSolver2.cpp">
      <Filter>Solver\Smoke</Filter>
    </ClCompile>
    <ClCompile Include="Solver\Smoke\GridSmokeSolver3.cpp">
      <Filter>Solver\Smoke</Filter>
    </ClCompile>
    <ClCompile Include="Geometry\TriangleMeshToSDF.cpp">
      <Filter>Geometry</Filter>
    </ClCompile>
    <ClCompile Include="Solver\LevelSet\LevelSetSolver2.cpp">
      <Filter>Solver\LevelSet</Filter>
    </ClCompile>
    <ClCompile Include="Solver\LevelSet\LevelSetSolver3.cpp">
      <Filter>Solver\LevelSet</Filter>
    </ClCompile>
    <ClCompile Include="Solver\LevelSet\LevelSetLiquidSolver2.cpp">
      <Filter>Solver\LevelSet</Filter>
    </ClCompile>
    <ClCompile Include="Solver\LevelSet\IterativeLevelSetSolver2.cpp">
      <Filter>Solver\LevelSet</Filter>
    </ClCompile>
    <ClCompile Include="Solver\LevelSet\IterativeLevelSetSolver3.cpp">
      <Filter>Solver\LevelSet</Filter>
    </ClCompile>
    <ClCompile Include="Solver\LevelSet\ENOLevelSetSolver2.cpp">
      <Filter>Solver\LevelSet</Filter>
    </ClCompile>
    <ClCompile Include="Solver\LevelSet\ENOLevelSetSolver3.cpp">
      <Filter>Solver\LevelSet</Filter>
    </ClCompile>
    <ClCompile Include="Solver\LevelSet\FMMLevelSetSolver2.cpp">
      <Filter>Solver\LevelSet</Filter>
    </ClCompile>
    <ClCompile Include="Solver\LevelSet\FMMLevelSetSolver3.cpp">
      <Filter>Solver\LevelSet</Filter>
    </ClCompile>
    <ClCompile Include="Solver\LevelSet\UpwindLevelSetSolver2.cpp">
      <Filter>Solver\LevelSet</Filter>
    </ClCompile>
    <ClCompile Include="Solver\LevelSet\UpwindLevelSetSolver3.cpp">
      <Filter>Solver\LevelSet</Filter>
    </ClCompile>
    <ClCompile Include="Solver\LevelSet\LevelSetLiquidSolver3.cpp">
      <Filter>Solver\LevelSet</Filter>
    </ClCompile>
    <ClCompile Include="Surface\Implicit\CustomImplicitSurface2.cpp">
      <Filter>Surface\Implicit</Filter>
    </ClCompile>
    <ClCompile Include="Surface\Implicit\CustomImplicitSurface3.cpp">
      <Filter>Surface\Implicit</Filter>
    </ClCompile>
    <ClCompile Include="Solver\PIC\PICSolver2.cpp">
      <Filter>Solver\PIC</Filter>
    </ClCompile>
    <ClCompile Include="Solver\PIC\PICSolver3.cpp">
      <Filter>Solver\PIC</Filter>
    </ClCompile>
    <ClCompile Include="Solver\FLIP\FLIPSolver2.cpp">
      <Filter>Solver\FLIP</Filter>
    </ClCompile>
    <ClCompile Include="Solver\FLIP\FLIPSolver3.cpp">
      <Filter>Solver\FLIP</Filter>
    </ClCompile>
    <ClCompile Include="Geometry\ImplicitTriangleMesh3.cpp">
      <Filter>Geometry</Filter>
    </ClCompile>
    <ClCompile Include="Solver\APIC\APICSolver2.cpp">
      <Filter>Solver\APIC</Filter>
    </ClCompile>
    <ClCompile Include="Solver\APIC\APICSolver3.cpp">
      <Filter>Solver\APIC</Filter>
    </ClCompile>
    <ClCompile Include="Utils\Parallel.cpp">
      <Filter>Utils</Filter>
    </ClCompile>
    <ClCompile Include="FDM\FDMMGLinearSystem2.cpp">
      <Filter>FDM</Filter>
    </ClCompile>
    <ClCompile Include="FDM\FDMMGLinearSystem3.cpp">
      <Filter>FDM</Filter>
    </ClCompile>
    <ClCompile Include="Solver\FDM\FDMMGSolver2.cpp">
      <Filter>Solver\FDM</Filter>
    </ClCompile>
    <ClCompile Include="Solver\FDM\FDMMGSolver3.cpp">
      <Filter>Solver\FDM</Filter>
    </ClCompile>
    <ClCompile Include="Solver\FDM\FDMMGPCGSolver2.cpp">
      <Filter>Solver\FDM</Filter>
    </ClCompile>
    <ClCompile Include="Solver\FDM\FDMMGPCGSolver3.cpp">
      <Filter>Solver\FDM</Filter>
    </ClCompile>
    <ClCompile Include="Point\Implicit\PointsToImplicit2.cpp">
      <Filter>Point\Implicit</Filter>
    </ClCompile>
    <ClCompile Include="Point\Implicit\PointsToImplicit3.cpp">
      <Filter>Point\Implicit</Filter>
    </ClCompile>
    <ClCompile Include="Point\Implicit\SphericalPointsToImplicit2.cpp">
      <Filter>Point\Implicit</Filter>
    </ClCompile>
    <ClCompile Include="Point\Implicit\SphericalPointsToImplicit3.cpp">
      <Filter>Point\Implicit</Filter>
    </ClCompile>
    <ClCompile Include="Point\Implicit\SPHPointsToImplicit2.cpp">
      <Filter>Point\Implicit</Filter>
    </ClCompile>
    <ClCompile Include="Point\Implicit\SPHPointsToImplicit3.cpp">
      <Filter>Point\Implicit</Filter>
    </ClCompile>
    <ClCompile Include="Point\Implicit\ZhuBridsonPointsToImplicit2.cpp">
      <Filter>Point\Implicit</Filter>
    </ClCompile>
  </ItemGroup>
</Project>