<?xml version="1.0" encoding="utf-8"?>
<Project ToolsVersion="4.0" xmlns="http://schemas.microsoft.com/developer/msbuild/2003">
  <ItemGroup>
    <ClCompile Include="UnitTests.cpp" />
    <ClCompile Include="pch.cpp">
      <Filter>Precompiled Header</Filter>
    </ClCompile>
    <ClCompile Include="Array1Tests.cpp">
      <Filter>Array</Filter>
    </ClCompile>
    <ClCompile Include="Array2Tests.cpp">
      <Filter>Array</Filter>
    </ClCompile>
    <ClCompile Include="Array3Tests.cpp">
      <Filter>Array</Filter>
    </ClCompile>
    <ClCompile Include="ArrayAccessor1Tests.cpp">
      <Filter>Array</Filter>
    </ClCompile>
    <ClCompile Include="ArrayAccessor2Tests.cpp">
      <Filter>Array</Filter>
    </ClCompile>
    <ClCompile Include="ArrayAccessor3Tests.cpp">
      <Filter>Array</Filter>
    </ClCompile>
    <ClCompile Include="ArraySamplersTests.cpp">
      <Filter>Array</Filter>
    </ClCompile>
    <ClCompile Include="ArrayUtilsTests.cpp">
      <Filter>Array</Filter>
    </ClCompile>
    <ClCompile Include="MatrixTests.cpp">
      <Filter>Matrix</Filter>
    </ClCompile>
    <ClCompile Include="Matrix2x2Tests.cpp">
      <Filter>Matrix</Filter>
    </ClCompile>
    <ClCompile Include="Matrix3x3Tests.cpp">
      <Filter>Matrix</Filter>
    </ClCompile>
    <ClCompile Include="Matrix4x4Tests.cpp">
      <Filter>Matrix</Filter>
    </ClCompile>
    <ClCompile Include="VectorTests.cpp">
      <Filter>Vector</Filter>
    </ClCompile>
    <ClCompile Include="Vector2Tests.cpp">
      <Filter>Vector</Filter>
    </ClCompile>
    <ClCompile Include="Vector3Tests.cpp">
      <Filter>Vector</Filter>
    </ClCompile>
    <ClCompile Include="Box2Tests.cpp">
      <Filter>Geometry</Filter>
    </ClCompile>
    <ClCompile Include="Box3Tests.cpp">
      <Filter>Geometry</Filter>
    </ClCompile>
    <ClCompile Include="Cylinder3Tests.cpp">
      <Filter>Geometry</Filter>
    </ClCompile>
    <ClCompile Include="Plane2Tests.cpp">
      <Filter>Geometry</Filter>
    </ClCompile>
    <ClCompile Include="Plane3Tests.cpp">
      <Filter>Geometry</Filter>
    </ClCompile>
    <ClCompile Include="Transform2Tests.cpp">
      <Filter>Transform</Filter>
    </ClCompile>
    <ClCompile Include="Transform3Tests.cpp">
      <Filter>Transform</Filter>
    </ClCompile>
    <ClCompile Include="Sphere2Tests.cpp">
      <Filter>Geometry</Filter>
    </ClCompile>
    <ClCompile Include="Sphere3Tests.cpp">
      <Filter>Geometry</Filter>
    </ClCompile>
    <ClCompile Include="QuaternionTests.cpp">
      <Filter>Math</Filter>
    </ClCompile>
    <ClCompile Include="MathUtilsTests.cpp">
      <Filter>Math</Filter>
    </ClCompile>
    <ClCompile Include="Triangle3Tests.cpp">
      <Filter>Geometry</Filter>
    </ClCompile>
    <ClCompile Include="TriangleMesh3Tests.cpp">
      <Filter>Geometry</Filter>
    </ClCompile>
    <ClCompile Include="SurfaceToImplicit2Tests.cpp">
      <Filter>Surface</Filter>
    </ClCompile>
    <ClCompile Include="SurfaceToImplicit3Tests.cpp">
      <Filter>Surface</Filter>
    </ClCompile>
    <ClCompile Include="AnimationTests.cpp">
      <Filter>Animation</Filter>
    </ClCompile>
    <ClCompile Include="ImplicitSurfaceSet2Tests.cpp">
      <Filter>Surface</Filter>
    </ClCompile>
    <ClCompile Include="ImplicitSurfaceSet3Tests.cpp">
      <Filter>Surface</Filter>
    </ClCompile>
    <ClCompile Include="Ray2Tests.cpp">
      <Filter>Ray</Filter>
    </ClCompile>
    <ClCompile Include="Ray3Tests.cpp">
      <Filter>Ray</Filter>
    </ClCompile>
    <ClCompile Include="BoundingBoxTests.cpp">
      <Filter>BoundingBox</Filter>
    </ClCompile>
    <ClCompile Include="BoundingBox2Tests.cpp">
      <Filter>BoundingBox</Filter>
    </ClCompile>
    <ClCompile Include="BoundingBox3Tests.cpp">
      <Filter>BoundingBox</Filter>
    </ClCompile>
    <ClCompile Include="ColliderSet2Tests.cpp">
      <Filter>Collider</Filter>
    </ClCompile>
  </ItemGroup>
  <ItemGroup>
    <None Include="packages.config" />
  </ItemGroup>
  <ItemGroup>
    <Filter Include="Precompiled Header">
      <UniqueIdentifier>{f774d5c9-ada5-441c-907f-fc5aafb4e28c}</UniqueIdentifier>
    </Filter>
    <Filter Include="Array">
      <UniqueIdentifier>{432ed43d-85ba-43a4-a39d-5a4d2de8b37d}</UniqueIdentifier>
    </Filter>
    <Filter Include="Matrix">
      <UniqueIdentifier>{b9fac7fc-fd4e-4db0-8158-2ec5537f25b0}</UniqueIdentifier>
    </Filter>
    <Filter Include="Vector">
      <UniqueIdentifier>{86f6bb7b-895f-4d87-a2cf-d1def9deb345}</UniqueIdentifier>
    </Filter>
    <Filter Include="Geometry">
      <UniqueIdentifier>{156ba860-bafb-4d13-8f7b-da81b85aa34d}</UniqueIdentifier>
    </Filter>
    <Filter Include="Transform">
      <UniqueIdentifier>{528999d2-cf8c-4738-b283-1ae7634d8cf3}</UniqueIdentifier>
    </Filter>
    <Filter Include="Math">
      <UniqueIdentifier>{28993044-8ff8-4bcb-9ff9-40f770c8a1bb}</UniqueIdentifier>
    </Filter>
    <Filter Include="Surface">
      <UniqueIdentifier>{e0b25a05-d0f9-496f-8ed3-cbaf03957a09}</UniqueIdentifier>
    </Filter>
    <Filter Include="Animation">
      <UniqueIdentifier>{950f51c6-0637-4112-8441-1b23a8188bc7}</UniqueIdentifier>
    </Filter>
    <Filter Include="Ray">
      <UniqueIdentifier>{cfe61890-f47c-4fef-b0a3-9632251b9280}</UniqueIdentifier>
    </Filter>
    <Filter Include="BoundingBox">
      <UniqueIdentifier>{dfeb4208-58f1-42ec-8c0b-c7624ecafc91}</UniqueIdentifier>
    </Filter>
    <Filter Include="Collider">
      <UniqueIdentifier>{cc4b95d0-439e-49d0-ab95-75b3df1acd83}</UniqueIdentifier>
    </Filter>
  </ItemGroup>
  <ItemGroup>
    <ClInclude Include="pch.h">
      <Filter>Precompiled Header</Filter>
    </ClInclude>
  </ItemGroup>
</Project>