<?xml version="1.0" encoding="utf-8"?>
<Project ToolsVersion="4.0" xmlns="http://schemas.microsoft.com/developer/msbuild/2003">
  <ItemGroup>
    <ClCompile Include="UnitTests.cpp" />
    <ClCompile Include="pch.cpp">
      <Filter>Precompiled Header</Filter>
    </ClCompile>
    <ClCompile Include="Array1Tests.cpp">
      <Filter>Array</Filter>
    </ClCompile>
    <ClCompile Include="Array2Tests.cpp">
      <Filter>Array</Filter>
    </ClCompile>
    <ClCompile Include="Array3Tests.cpp">
      <Filter>Array</Filter>
    </ClCompile>
    <ClCompile Include="ArrayAccessor1Tests.cpp">
      <Filter>Array</Filter>
    </ClCompile>
    <ClCompile Include="ArrayAccessor2Tests.cpp">
      <Filter>Array</Filter>
    </ClCompile>
    <ClCompile Include="ArrayAccessor3Tests.cpp">
      <Filter>Array</Filter>
    </ClCompile>
    <ClCompile Include="ArraySamplersTests.cpp">
      <Filter>Array</Filter>
    </ClCompile>
    <ClCompile Include="ArrayUtilsTests.cpp">
      <Filter>Array</Filter>
    </ClCompile>
    <ClCompile Include="MatrixTests.cpp">
      <Filter>Matrix</Filter>
    </ClCompile>
    <ClCompile Include="Matrix2x2Tests.cpp">
      <Filter>Matrix</Filter>
    </ClCompile>
    <ClCompile Include="Matrix3x3Tests.cpp">
      <Filter>Matrix</Filter>
    </ClCompile>
    <ClCompile Include="Matrix4x4Tests.cpp">
      <Filter>Matrix</Filter>
    </ClCompile>
    <ClCompile Include="VectorTests.cpp">
      <Filter>Vector</Filter>
    </ClCompile>
    <ClCompile Include="Vector2Tests.cpp">
      <Filter>Vector</Filter>
    </ClCompile>
    <ClCompile Include="Vector3Tests.cpp">
      <Filter>Vector</Filter>
    </ClCompile>
    <ClCompile Include="Box2Tests.cpp">
      <Filter>Geometry</Filter>
    </ClCompile>
    <ClCompile Include="Box3Tests.cpp">
      <Filter>Geometry</Filter>
    </ClCompile>
    <ClCompile Include="Cylinder3Tests.cpp">
      <Filter>Geometry</Filter>
    </ClCompile>
    <ClCompile Include="Plane2Tests.cpp">
      <Filter>Geometry</Filter>
    </ClCompile>
    <ClCompile Include="Plane3Tests.cpp">
      <Filter>Geometry</Filter>
    </ClCompile>
    <ClCompile Include="Transform2Tests.cpp">
      <Filter>Transform</Filter>
    </ClCompile>
    <ClCompile Include="Transform3Tests.cpp">
      <Filter>Transform</Filter>
    </ClCompile>
    <ClCompile Include="Sphere2Tests.cpp">
      <Filter>Geometry</Filter>
    </ClCompile>
    <ClCompile Include="Sphere3Tests.cpp">
      <Filter>Geometry</Filter>
    </ClCompile>
    <ClCompile Include="QuaternionTests.cpp">
      <Filter>Math</Filter>
    </ClCompile>
    <ClCompile Include="MathUtilsTests.cpp">
      <Filter>Math</Filter>
    </ClCompile>
    <ClCompile Include="Triangle3Tests.cpp">
      <Filter>Geometry</Filter>
    </ClCompile>
    <ClCompile Include="TriangleMesh3Tests.cpp">
      <Filter>Geometry</Filter>
    </ClCompile>
    <ClCompile Include="SurfaceToImplicit2Tests.cpp">
      <Filter>Surface</Filter>
    </ClCompile>
    <ClCompile Include="SurfaceToImplicit3Tests.cpp">
      <Filter>Surface</Filter>
    </ClCompile>
    <ClCompile Include="AnimationTests.cpp">
      <Filter>Animation</Filter>
    </ClCompile>
    <ClCompile Include="ImplicitSurfaceSet2Tests.cpp">
      <Filter>Surface</Filter>
    </ClCompile>
    <ClCompile Include="ImplicitSurfaceSet3Tests.cpp">
      <Filter>Surface</Filter>
    </ClCompile>
    <ClCompile Include="Ray2Tests.cpp">
      <Filter>Ray</Filter>
    </ClCompile>
    <ClCompile Include="Ray3Tests.cpp">
      <Filter>Ray</Filter>
    </ClCompile>
    <ClCompile Include="BoundingBoxTests.cpp">
      <Filter>BoundingBox</Filter>
    </ClCompile>
    <ClCompile Include="BoundingBox2Tests.cpp">
      <Filter>BoundingBox</Filter>
    </ClCompile>
    <ClCompile Include="BoundingBox3Tests.cpp">
      <Filter>BoundingBox</Filter>
    </ClCompile>
    <ClCompile Include="ColliderSet2Tests.cpp">
      <Filter>Collider</Filter>
    </ClCompile>
    <ClCompile Include="ColliderSet3Tests.cpp">
      <Filter>Collider</Filter>
    </ClCompile>
    <ClCompile Include="RigidbodyCollider2Tests.cpp">
      <Filter>Collider</Filter>
    </ClCompile>
    <ClCompile Include="RigidbodyCollider3Tests.cpp">
      <Filter>Collider</Filter>
    </ClCompile>
    <ClCompile Include="ParticleSystemData2Tests.cpp">
      <Filter>Particle</Filter>
    </ClCompile>
    <ClCompile Include="ParticleSystemData3Tests.cpp">
      <Filter>Particle</Filter>
    </ClCompile>
    <ClCompile Include="SPHStdKernel2Tests.cpp">
      <Filter>SPH</Filter>
    </ClCompile>
    <ClCompile Include="SPHStdKernel3Tests.cpp">
      <Filter>SPH</Filter>
    </ClCompile>
    <ClCompile Include="SPHSystemData2Tests.cpp">
      <Filter>SPH</Filter>
    </ClCompile>
    <ClCompile Include="SPHSystemData3Tests.cpp">
      <Filter>SPH</Filter>
    </ClCompile>
    <ClCompile Include="PCISPHSolver2Tests.cpp">
      <Filter>Solver\PCISPH</Filter>
    </ClCompile>
    <ClCompile Include="PCISPHSolver3Tests.cpp">
      <Filter>Solver\PCISPH</Filter>
    </ClCompile>
    <ClCompile Include="PointTests.cpp">
      <Filter>Point</Filter>
    </ClCompile>
    <ClCompile Include="Point2Tests.cpp">
      <Filter>Point</Filter>
    </ClCompile>
    <ClCompile Include="Point3Tests.cpp">
      <Filter>Point</Filter>
    </ClCompile>
    <ClCompile Include="Vector4Tests.cpp">
      <Filter>Vector</Filter>
    </ClCompile>
    <ClCompile Include="ParallelTests.cpp">
      <Filter>Utils</Filter>
    </ClCompile>
    <ClCompile Include="TimerTests.cpp">
      <Filter>Utils</Filter>
    </ClCompile>
    <ClCompile Include="SerialTests.cpp">
      <Filter>Utils</Filter>
    </ClCompile>
    <ClCompile Include="SamplersTests.cpp">
      <Filter>Utils</Filter>
    </ClCompile>
    <ClCompile Include="PointParallelHashGridSearcher2Tests.cpp">
      <Filter>Searcher</Filter>
    </ClCompile>
    <ClCompile Include="PointSimpleListSearcher3Tests.cpp">
      <Filter>Searcher</Filter>
    </ClCompile>
    <ClCompile Include="PointSimpleListSeracher2Tests.cpp">
      <Filter>Searcher</Filter>
    </ClCompile>
    <ClCompile Include="PointHashGridSearcher2Tests.cpp">
      <Filter>Searcher</Filter>
    </ClCompile>
    <ClCompile Include="PointHashGridSearcher3Tests.cpp">
      <Filter>Searcher</Filter>
    </ClCompile>
    <ClCompile Include="PointParallelHashGridSearcher3Tests.cpp">
      <Filter>Searcher</Filter>
    </ClCompile>
    <ClCompile Include="VertexCenteredScalarGrid2Tests.cpp">
      <Filter>Grid</Filter>
    </ClCompile>
    <ClCompile Include="VertexCenteredScalarGrid3Tests.cpp">
      <Filter>Grid</Filter>
    </ClCompile>
    <ClCompile Include="VertexCenteredVectorGrid2Tests.cpp">
      <Filter>Grid</Filter>
    </ClCompile>
    <ClCompile Include="VertexCenteredVectorGrid3Tests.cpp">
      <Filter>Grid</Filter>
    </ClCompile>
    <ClCompile Include="FaceCenteredGrid2Tests.cpp">
      <Filter>Grid</Filter>
    </ClCompile>
    <ClCompile Include="FaceCenteredGrid3Tests.cpp">
      <Filter>Grid</Filter>
    </ClCompile>
    <ClCompile Include="CellCenteredScalarGrid2Tests.cpp">
      <Filter>Grid</Filter>
    </ClCompile>
    <ClCompile Include="CellCenteredScalarGrid3Tests.cpp">
      <Filter>Grid</Filter>
    </ClCompile>
    <ClCompile Include="CellCenteredVectorGrid2Tests.cpp">
      <Filter>Grid</Filter>
    </ClCompile>
    <ClCompile Include="CellCenteredVectorGrid3Tests.cpp">
      <Filter>Grid</Filter>
    </ClCompile>
    <ClCompile Include="GridSystemData2Tests.cpp">
      <Filter>Grid</Filter>
    </ClCompile>
    <ClCompile Include="GridSystemData3Tests.cpp">
      <Filter>Grid</Filter>
    </ClCompile>
    <ClCompile Include="VolumeParticleEmitter3Tests.cpp">
      <Filter>Emitter</Filter>
    </ClCompile>
    <ClCompile Include="PointParticleEmitter2Tests.cpp">
      <Filter>Emitter</Filter>
    </ClCompile>
    <ClCompile Include="PointParticleEmitter3Tests.cpp">
      <Filter>Emitter</Filter>
    </ClCompile>
    <ClCompile Include="VolumeParticleEmitter2Tests.cpp">
      <Filter>Emitter</Filter>
    </ClCompile>
    <ClCompile Include="SPHSolver3Tests.cpp">
      <Filter>Solver\SPH</Filter>
    </ClCompile>
    <ClCompile Include="SPHSolver2Tests.cpp">
      <Filter>Solver\SPH</Filter>
    </ClCompile>
    <ClCompile Include="ParticleSystemSolverTests.cpp">
      <Filter>Solver\Particle</Filter>
    </ClCompile>
    <ClCompile Include="GridEmitter2Tests.cpp">
      <Filter>Emitter</Filter>
    </ClCompile>
    <ClCompile Include="GridEmitter3Tests.cpp">
      <Filter>Emitter</Filter>
    </ClCompile>
    <ClCompile Include="BLASTests.cpp">
      <Filter>Math</Filter>
    </ClCompile>
    <ClCompile Include="CGTests.cpp">
      <Filter>Math</Filter>
    </ClCompile>
    <ClCompile Include="FDMCGSolver2Tests.cpp">
      <Filter>Solver\FDM</Filter>
    </ClCompile>
    <ClCompile Include="FDMCGSolver3Tests.cpp">
      <Filter>Solver\FDM</Filter>
    </ClCompile>
    <ClCompile Include="FDMGaussSeidelSolver2Tests.cpp">
      <Filter>Solver\FDM</Filter>
    </ClCompile>
    <ClCompile Include="FDMGaussSeidelSolver3Tests.cpp">
      <Filter>Solver\FDM</Filter>
    </ClCompile>
    <ClCompile Include="FDMICCGSolver2Tests.cpp">
      <Filter>Solver\FDM</Filter>
    </ClCompile>
    <ClCompile Include="FDMICCGSolver3Tests.cpp">
      <Filter>Solver\FDM</Filter>
    </ClCompile>
    <ClCompile Include="FDMJacobiSolver2Tests.cpp">
      <Filter>Solver\FDM</Filter>
    </ClCompile>
    <ClCompile Include="FDMJacobiSolver3Tests.cpp">
      <Filter>Solver\FDM</Filter>
    </ClCompile>
    <ClCompile Include="FDMUtilsTests.cpp">
      <Filter>FDM</Filter>
    </ClCompile>
    <ClCompile Include="GridBackwardDiffusionSolver2Tests.cpp">
      <Filter>Solver\Grid</Filter>
    </ClCompile>
    <ClCompile Include="GridBackwardDiffusionSolver3Tests.cpp">
      <Filter>Solver\Grid</Filter>
    </ClCompile>
    <ClCompile Include="GridBlockedBoundaryConditionSolver2Tests.cpp">
      <Filter>Solver\Grid</Filter>
    </ClCompile>
    <ClCompile Include="GridBlockedBoundaryConditionSolver3Tests.cpp">
      <Filter>Solver\Grid</Filter>
    </ClCompile>
    <ClCompile Include="GridFluidSolver2Tests.cpp">
      <Filter>Solver\Grid</Filter>
    </ClCompile>
    <ClCompile Include="GridFluidSolver3Tests.cpp">
      <Filter>Solver\Grid</Filter>
    </ClCompile>
    <ClCompile Include="GridForwardDiffusionSolver2Tests.cpp">
      <Filter>Solver\Grid</Filter>
    </ClCompile>
    <ClCompile Include="GridForwardDiffusionSolver3Tests.cpp">
      <Filter>Solver\Grid</Filter>
    </ClCompile>
    <ClCompile Include="GridFractionalBoundaryConditionSolver2Tests.cpp">
      <Filter>Solver\Grid</Filter>
    </ClCompile>
    <ClCompile Include="GridFractionalBoundaryConditionSolver3Tests.cpp">
      <Filter>Solver\Grid</Filter>
    </ClCompile>
    <ClCompile Include="GridFractionalSinglePhasePressureSolver2Tests.cpp">
      <Filter>Solver\Grid</Filter>
    </ClCompile>
    <ClCompile Include="GridFractionalSinglePhasePressureSolver3Tests.cpp">
      <Filter>Solver\Grid</Filter>
    </ClCompile>
    <ClCompile Include="GridSinglePhasePressureSolver2Tests.cpp">
      <Filter>Solver\Grid</Filter>
    </ClCompile>
    <ClCompile Include="GridSinglePhasePressureSolver3Tests.cpp">
      <Filter>Solver\Grid</Filter>
    </ClCompile>
    <ClCompile Include="PDETests.cpp">
      <Filter>Math</Filter>
    </ClCompile>
    <ClCompile Include="CustomImplicitSurface2Tests.cpp">
      <Filter>Surface</Filter>
    </ClCompile>
    <ClCompile Include="CustomImplicitSurface3Tests.cpp">
      <Filter>Surface</Filter>
    </ClCompile>
    <ClCompile Include="ImplicitTriangleMesh3Tests.cpp">
      <Filter>Geometry</Filter>
    </ClCompile>
    <ClCompile Include="VectorNTests.cpp">
      <Filter>Vector</Filter>
    </ClCompile>
    <ClCompile Include="MatrixCSRTests.cpp">
      <Filter>Matrix</Filter>
    </ClCompile>
  </ItemGroup>
  <ItemGroup>
    <None Include="packages.config" />
  </ItemGroup>
  <ItemGroup>
    <Filter Include="Precompiled Header">
      <UniqueIdentifier>{f774d5c9-ada5-441c-907f-fc5aafb4e28c}</UniqueIdentifier>
    </Filter>
    <Filter Include="Array">
      <UniqueIdentifier>{432ed43d-85ba-43a4-a39d-5a4d2de8b37d}</UniqueIdentifier>
    </Filter>
    <Filter Include="Matrix">
      <UniqueIdentifier>{b9fac7fc-fd4e-4db0-8158-2ec5537f25b0}</UniqueIdentifier>
    </Filter>
    <Filter Include="Vector">
      <UniqueIdentifier>{86f6bb7b-895f-4d87-a2cf-d1def9deb345}</UniqueIdentifier>
    </Filter>
    <Filter Include="Geometry">
      <UniqueIdentifier>{156ba860-bafb-4d13-8f7b-da81b85aa34d}</UniqueIdentifier>
    </Filter>
    <Filter Include="Transform">
      <UniqueIdentifier>{528999d2-cf8c-4738-b283-1ae7634d8cf3}</UniqueIdentifier>
    </Filter>
    <Filter Include="Math">
      <UniqueIdentifier>{28993044-8ff8-4bcb-9ff9-40f770c8a1bb}</UniqueIdentifier>
    </Filter>
    <Filter Include="Surface">
      <UniqueIdentifier>{e0b25a05-d0f9-496f-8ed3-cbaf03957a09}</UniqueIdentifier>
    </Filter>
    <Filter Include="Animation">
      <UniqueIdentifier>{950f51c6-0637-4112-8441-1b23a8188bc7}</UniqueIdentifier>
    </Filter>
    <Filter Include="Ray">
      <UniqueIdentifier>{cfe61890-f47c-4fef-b0a3-9632251b9280}</UniqueIdentifier>
    </Filter>
    <Filter Include="BoundingBox">
      <UniqueIdentifier>{dfeb4208-58f1-42ec-8c0b-c7624ecafc91}</UniqueIdentifier>
    </Filter>
    <Filter Include="Collider">
      <UniqueIdentifier>{cc4b95d0-439e-49d0-ab95-75b3df1acd83}</UniqueIdentifier>
    </Filter>
    <Filter Include="Particle">
      <UniqueIdentifier>{e9deb48b-4063-4208-a11c-c4f394548ffe}</UniqueIdentifier>
    </Filter>
    <Filter Include="SPH">
      <UniqueIdentifier>{79946358-5eb8-447e-bf53-d9b9fa8325f2}</UniqueIdentifier>
    </Filter>
    <Filter Include="Point">
      <UniqueIdentifier>{e4ea9943-52e0-4e3b-9a0e-a20a431bdbd3}</UniqueIdentifier>
    </Filter>
    <Filter Include="Utils">
      <UniqueIdentifier>{4bc46c8a-a91e-40a9-9d68-2d87f8c6aa71}</UniqueIdentifier>
    </Filter>
    <Filter Include="Searcher">
      <UniqueIdentifier>{2c0970b3-9dab-4e6d-909f-9d9127e67b01}</UniqueIdentifier>
    </Filter>
    <Filter Include="Grid">
      <UniqueIdentifier>{ae11687a-dbeb-487c-a6a4-5f929600fbd8}</UniqueIdentifier>
    </Filter>
    <Filter Include="Emitter">
      <UniqueIdentifier>{8b8c2066-3dfa-4626-8001-3e4d05fdf879}</UniqueIdentifier>
    </Filter>
    <Filter Include="Solver">
      <UniqueIdentifier>{6f482968-f7a5-417f-b469-62ecd793ebc4}</UniqueIdentifier>
    </Filter>
    <Filter Include="Solver\SPH">
      <UniqueIdentifier>{c445f326-54d0-462a-a121-9bbfb7e2cda4}</UniqueIdentifier>
    </Filter>
    <Filter Include="Solver\PCISPH">
      <UniqueIdentifier>{3a68eaa7-9c05-4f0c-8483-9425b4ed4bb8}</UniqueIdentifier>
    </Filter>
    <Filter Include="Solver\Particle">
      <UniqueIdentifier>{fa22e2f5-db23-4770-8ef4-6615c8135459}</UniqueIdentifier>
    </Filter>
    <Filter Include="Solver\FDM">
      <UniqueIdentifier>{dab634a8-bc8e-4e9e-8a0d-176480d76774}</UniqueIdentifier>
    </Filter>
    <Filter Include="FDM">
      <UniqueIdentifier>{6bee7d87-f148-4da5-bc34-90d270e9edf4}</UniqueIdentifier>
    </Filter>
    <Filter Include="Solver\Grid">
      <UniqueIdentifier>{cd9254c7-c427-486f-b1f7-07bacdc8e032}</UniqueIdentifier>
    </Filter>
  </ItemGroup>
  <ItemGroup>
    <ClInclude Include="pch.h">
      <Filter>Precompiled Header</Filter>
    </ClInclude>
    <ClInclude Include="UnitTestsUtils.h" />
  </ItemGroup>
</Project>